// !$*UTF8*$!
{
	archiveVersion = 1;
	classes = {
	};
	objectVersion = 46;
	objects = {

/* Begin PBXBuildFile section */
		045BDDBB1EBACE860083E9C4 /* 11.png in Resources */ = {isa = PBXBuildFile; fileRef = 045BDD691EBACE860083E9C4 /* 11.png */; };
		045BDDBC1EBACE860083E9C4 /* 174.png in Resources */ = {isa = PBXBuildFile; fileRef = 045BDD6A1EBACE860083E9C4 /* 174.png */; };
		045BDDBD1EBACE860083E9C4 /* 176.png in Resources */ = {isa = PBXBuildFile; fileRef = 045BDD6B1EBACE860083E9C4 /* 176.png */; };
		045BDDBE1EBACE860083E9C4 /* 177.png in Resources */ = {isa = PBXBuildFile; fileRef = 045BDD6C1EBACE860083E9C4 /* 177.png */; };
		045BDDBF1EBACE860083E9C4 /* 240.png in Resources */ = {isa = PBXBuildFile; fileRef = 045BDD6D1EBACE860083E9C4 /* 240.png */; };
		045BDDC01EBACE860083E9C4 /* 702.png in Resources */ = {isa = PBXBuildFile; fileRef = 045BDD6E1EBACE860083E9C4 /* 702.png */; };
		045BDDC11EBACE860083E9C4 /* 712.png in Resources */ = {isa = PBXBuildFile; fileRef = 045BDD6F1EBACE860083E9C4 /* 712.png */; };
		045BDDC21EBACE860083E9C4 /* 896.png in Resources */ = {isa = PBXBuildFile; fileRef = 045BDD701EBACE860083E9C4 /* 896.png */; };
		045BDDC31EBACE860083E9C4 /* 971.png in Resources */ = {isa = PBXBuildFile; fileRef = 045BDD711EBACE860083E9C4 /* 971.png */; };
		045BDDC41EBACE860083E9C4 /* 978.png in Resources */ = {isa = PBXBuildFile; fileRef = 045BDD721EBACE860083E9C4 /* 978.png */; };
		045BDDC51EBACE860083E9C4 /* 985.png in Resources */ = {isa = PBXBuildFile; fileRef = 045BDD731EBACE860083E9C4 /* 985.png */; };
		045BDDC61EBACE860083E9C4 /* 991.png in Resources */ = {isa = PBXBuildFile; fileRef = 045BDD741EBACE860083E9C4 /* 991.png */; };
		045BDDC71EBACE860083E9C4 /* 992.png in Resources */ = {isa = PBXBuildFile; fileRef = 045BDD751EBACE860083E9C4 /* 992.png */; };
		045BDDC81EBACE860083E9C4 /* 1615.png in Resources */ = {isa = PBXBuildFile; fileRef = 045BDD761EBACE860083E9C4 /* 1615.png */; };
		045BDDC91EBACE860083E9C4 /* 1983.png in Resources */ = {isa = PBXBuildFile; fileRef = 045BDD771EBACE860083E9C4 /* 1983.png */; };
		045BDDCA1EBACE860083E9C4 /* 2294.png in Resources */ = {isa = PBXBuildFile; fileRef = 045BDD781EBACE860083E9C4 /* 2294.png */; };
		045BDDCB1EBACE860083E9C4 /* 2337.png in Resources */ = {isa = PBXBuildFile; fileRef = 045BDD791EBACE860083E9C4 /* 2337.png */; };
		045BDDCC1EBACE860083E9C4 /* 2513.png in Resources */ = {isa = PBXBuildFile; fileRef = 045BDD7A1EBACE860083E9C4 /* 2513.png */; };
		045BDDCD1EBACE860083E9C4 /* 3036.png in Resources */ = {isa = PBXBuildFile; fileRef = 045BDD7B1EBACE860083E9C4 /* 3036.png */; };
		045BDDCE1EBACE860083E9C4 /* 3053.png in Resources */ = {isa = PBXBuildFile; fileRef = 045BDD7C1EBACE860083E9C4 /* 3053.png */; };
		045BDDCF1EBACE860083E9C4 /* 3224.png in Resources */ = {isa = PBXBuildFile; fileRef = 045BDD7D1EBACE860083E9C4 /* 3224.png */; };
		045BDDD01EBACE860083E9C4 /* 5641.png in Resources */ = {isa = PBXBuildFile; fileRef = 045BDD7E1EBACE860083E9C4 /* 5641.png */; };
		045BDDD11EBACE860083E9C4 /* 5756.png in Resources */ = {isa = PBXBuildFile; fileRef = 045BDD7F1EBACE860083E9C4 /* 5756.png */; };
		045BDDD21EBACE860083E9C4 /* 5757.png in Resources */ = {isa = PBXBuildFile; fileRef = 045BDD801EBACE860083E9C4 /* 5757.png */; };
		045BDDD31EBACE860083E9C4 /* 5816.png in Resources */ = {isa = PBXBuildFile; fileRef = 045BDD811EBACE860083E9C4 /* 5816.png */; };
		045BDDD41EBACE860083E9C4 /* 5870.png in Resources */ = {isa = PBXBuildFile; fileRef = 045BDD821EBACE860083E9C4 /* 5870.png */; };
		045BDDD51EBACE860083E9C4 /* 5951.png in Resources */ = {isa = PBXBuildFile; fileRef = 045BDD831EBACE860083E9C4 /* 5951.png */; };
		045BDDD61EBACE860083E9C4 /* 6049.png in Resources */ = {isa = PBXBuildFile; fileRef = 045BDD841EBACE860083E9C4 /* 6049.png */; };
		045BDDD71EBACE860083E9C4 /* 6077.png in Resources */ = {isa = PBXBuildFile; fileRef = 045BDD851EBACE860083E9C4 /* 6077.png */; };
		045BDDD81EBACE860083E9C4 /* 6325.png in Resources */ = {isa = PBXBuildFile; fileRef = 045BDD861EBACE860083E9C4 /* 6325.png */; };
		045BDDD91EBACE860083E9C4 /* 6341.png in Resources */ = {isa = PBXBuildFile; fileRef = 045BDD871EBACE860083E9C4 /* 6341.png */; };
		045BDDDA1EBACE860083E9C4 /* 6501.png in Resources */ = {isa = PBXBuildFile; fileRef = 045BDD881EBACE860083E9C4 /* 6501.png */; };
		045BDDDB1EBACE860083E9C4 /* 6585.png in Resources */ = {isa = PBXBuildFile; fileRef = 045BDD891EBACE860083E9C4 /* 6585.png */; };
		045BDDDC1EBACE860083E9C4 /* 6613.png in Resources */ = {isa = PBXBuildFile; fileRef = 045BDD8A1EBACE860083E9C4 /* 6613.png */; };
		045BDDDD1EBACE860083E9C4 /* 6697.png in Resources */ = {isa = PBXBuildFile; fileRef = 045BDD8B1EBACE860083E9C4 /* 6697.png */; };
		045BDDDE1EBACE860083E9C4 /* 6724.png in Resources */ = {isa = PBXBuildFile; fileRef = 045BDD8C1EBACE860083E9C4 /* 6724.png */; };
		045BDDDF1EBACE860083E9C4 /* 6734.png in Resources */ = {isa = PBXBuildFile; fileRef = 045BDD8D1EBACE860083E9C4 /* 6734.png */; };
		045BDDE01EBACE860083E9C4 /* 7500.png in Resources */ = {isa = PBXBuildFile; fileRef = 045BDD8E1EBACE860083E9C4 /* 7500.png */; };
		045BDDE11EBACE860083E9C4 /* 7765.png in Resources */ = {isa = PBXBuildFile; fileRef = 045BDD8F1EBACE860083E9C4 /* 7765.png */; };
		045BDDE21EBACE860083E9C4 /* 8003.png in Resources */ = {isa = PBXBuildFile; fileRef = 045BDD901EBACE860083E9C4 /* 8003.png */; };
		045BDDE31EBACE860083E9C4 /* 8004.png in Resources */ = {isa = PBXBuildFile; fileRef = 045BDD911EBACE860083E9C4 /* 8004.png */; };
		045BDDE41EBACE860083E9C4 /* 8158.png in Resources */ = {isa = PBXBuildFile; fileRef = 045BDD921EBACE860083E9C4 /* 8158.png */; };
		045BDDE51EBACE860083E9C4 /* 8215.png in Resources */ = {isa = PBXBuildFile; fileRef = 045BDD931EBACE860083E9C4 /* 8215.png */; };
		045BDDE61EBACE860083E9C4 /* 8222.png in Resources */ = {isa = PBXBuildFile; fileRef = 045BDD941EBACE860083E9C4 /* 8222.png */; };
		045BDDE71EBACE860083E9C4 /* 8223.png in Resources */ = {isa = PBXBuildFile; fileRef = 045BDD951EBACE860083E9C4 /* 8223.png */; };
		045BDDE81EBACE860083E9C4 /* 8285.png in Resources */ = {isa = PBXBuildFile; fileRef = 045BDD961EBACE860083E9C4 /* 8285.png */; };
		045BDDE91EBACE860083E9C4 /* 8805.png in Resources */ = {isa = PBXBuildFile; fileRef = 045BDD971EBACE860083E9C4 /* 8805.png */; };
		045BDDEA1EBACE860083E9C4 /* 8857.png in Resources */ = {isa = PBXBuildFile; fileRef = 045BDD981EBACE860083E9C4 /* 8857.png */; };
		045BDDEB1EBACE860083E9C4 /* 9161.png in Resources */ = {isa = PBXBuildFile; fileRef = 045BDD991EBACE860083E9C4 /* 9161.png */; };
		045BDDEC1EBACE860083E9C4 /* 9294.png in Resources */ = {isa = PBXBuildFile; fileRef = 045BDD9A1EBACE860083E9C4 /* 9294.png */; };
		045BDDED1EBACE860083E9C4 /* 9633.png in Resources */ = {isa = PBXBuildFile; fileRef = 045BDD9B1EBACE860083E9C4 /* 9633.png */; };
		045BDDEE1EBACE860083E9C4 /* 10038.png in Resources */ = {isa = PBXBuildFile; fileRef = 045BDD9C1EBACE860083E9C4 /* 10038.png */; };
		045BDDEF1EBACE860083E9C4 /* 10569.png in Resources */ = {isa = PBXBuildFile; fileRef = 045BDD9D1EBACE860083E9C4 /* 10569.png */; };
		045BDDF01EBACE860083E9C4 /* 11048.png in Resources */ = {isa = PBXBuildFile; fileRef = 045BDD9E1EBACE860083E9C4 /* 11048.png */; };
		045BDDF11EBACE860083E9C4 /* 12391.png in Resources */ = {isa = PBXBuildFile; fileRef = 045BDD9F1EBACE860083E9C4 /* 12391.png */; };
		045BDDF21EBACE860083E9C4 /* 14410.png in Resources */ = {isa = PBXBuildFile; fileRef = 045BDDA01EBACE860083E9C4 /* 14410.png */; };
		045BDDF31EBACE860083E9C4 /* 14710.png in Resources */ = {isa = PBXBuildFile; fileRef = 045BDDA11EBACE860083E9C4 /* 14710.png */; };
		045BDDF41EBACE860083E9C4 /* 15789.png in Resources */ = {isa = PBXBuildFile; fileRef = 045BDDA21EBACE860083E9C4 /* 15789.png */; };
		045BDDF51EBACE860083E9C4 /* 16945.png in Resources */ = {isa = PBXBuildFile; fileRef = 045BDDA31EBACE860083E9C4 /* 16945.png */; };
		045BDDF61EBACE860083E9C4 /* 17336.png in Resources */ = {isa = PBXBuildFile; fileRef = 045BDDA41EBACE860083E9C4 /* 17336.png */; };
		045BDDF71EBACE860083E9C4 /* 28780.png in Resources */ = {isa = PBXBuildFile; fileRef = 045BDDA51EBACE860083E9C4 /* 28780.png */; };
		045BDDF81EBACE860083E9C4 /* 32154.png in Resources */ = {isa = PBXBuildFile; fileRef = 045BDDA61EBACE860083E9C4 /* 32154.png */; };
		045BDDF91EBACE860083E9C4 /* 33645.png in Resources */ = {isa = PBXBuildFile; fileRef = 045BDDA71EBACE860083E9C4 /* 33645.png */; };
		045BDDFA1EBACE860083E9C4 /* 36314.png in Resources */ = {isa = PBXBuildFile; fileRef = 045BDDA81EBACE860083E9C4 /* 36314.png */; };
		045BDDFB1EBACE860083E9C4 /* 95170.png in Resources */ = {isa = PBXBuildFile; fileRef = 045BDDA91EBACE860083E9C4 /* 95170.png */; };
		045BDDFC1EBACE860083E9C4 /* 123591.png in Resources */ = {isa = PBXBuildFile; fileRef = 045BDDAA1EBACE860083E9C4 /* 123591.png */; };
		045BDDFD1EBACE860083E9C4 /* 182204.png in Resources */ = {isa = PBXBuildFile; fileRef = 045BDDAB1EBACE860083E9C4 /* 182204.png */; };
		045BDDFE1EBACE860083E9C4 /* 221125.png in Resources */ = {isa = PBXBuildFile; fileRef = 045BDDAC1EBACE860083E9C4 /* 221125.png */; };
		045BDDFF1EBACE860083E9C4 /* 222285.png in Resources */ = {isa = PBXBuildFile; fileRef = 045BDDAD1EBACE860083E9C4 /* 222285.png */; };
		045BDE001EBACE860083E9C4 /* 443688.png in Resources */ = {isa = PBXBuildFile; fileRef = 045BDDAE1EBACE860083E9C4 /* 443688.png */; };
		045BDE011EBACE860083E9C4 /* 443955.png in Resources */ = {isa = PBXBuildFile; fileRef = 045BDDAF1EBACE860083E9C4 /* 443955.png */; };
		045BDE021EBACE860083E9C4 /* 2723814.png in Resources */ = {isa = PBXBuildFile; fileRef = 045BDDB01EBACE860083E9C4 /* 2723814.png */; };
		045BDE031EBACE860083E9C4 /* 5281116.png in Resources */ = {isa = PBXBuildFile; fileRef = 045BDDB11EBACE860083E9C4 /* 5281116.png */; };
		045BDE041EBACE860083E9C4 /* 5282367.png in Resources */ = {isa = PBXBuildFile; fileRef = 045BDDB21EBACE860083E9C4 /* 5282367.png */; };
		045BDE051EBACE860083E9C4 /* 5497103.png in Resources */ = {isa = PBXBuildFile; fileRef = 045BDDB31EBACE860083E9C4 /* 5497103.png */; };
		045BDE061EBACE860083E9C4 /* 6857485.png in Resources */ = {isa = PBXBuildFile; fileRef = 045BDDB41EBACE860083E9C4 /* 6857485.png */; };
		045BDE071EBACE860083E9C4 /* 6857501.png in Resources */ = {isa = PBXBuildFile; fileRef = 045BDDB51EBACE860083E9C4 /* 6857501.png */; };
		045BDE081EBACE860083E9C4 /* 6857537.png in Resources */ = {isa = PBXBuildFile; fileRef = 045BDDB61EBACE860083E9C4 /* 6857537.png */; };
		045BDE091EBACE860083E9C4 /* 9548765.png in Resources */ = {isa = PBXBuildFile; fileRef = 045BDDB71EBACE860083E9C4 /* 9548765.png */; };
		045BDE0A1EBACE860083E9C4 /* 12358480.png in Resources */ = {isa = PBXBuildFile; fileRef = 045BDDB81EBACE860083E9C4 /* 12358480.png */; };
		045BDE0B1EBACE860083E9C4 /* 23663539.png in Resources */ = {isa = PBXBuildFile; fileRef = 045BDDB91EBACE860083E9C4 /* 23663539.png */; };
		045BDE0C1EBACE860083E9C4 /* 57078918.png in Resources */ = {isa = PBXBuildFile; fileRef = 045BDDBA1EBACE860083E9C4 /* 57078918.png */; };
		0461E3411EB65106009C31E1 /* FMDatabase.m in Sources */ = {isa = PBXBuildFile; fileRef = 0461E3371EB65106009C31E1 /* FMDatabase.m */; settings = {COMPILER_FLAGS = "-fno-objc-arc"; }; };
		0461E3421EB65106009C31E1 /* FMDatabaseAdditions.m in Sources */ = {isa = PBXBuildFile; fileRef = 0461E3391EB65106009C31E1 /* FMDatabaseAdditions.m */; settings = {COMPILER_FLAGS = "-fno-objc-arc"; }; };
		0461E3431EB65106009C31E1 /* FMDatabasePool.m in Sources */ = {isa = PBXBuildFile; fileRef = 0461E33B1EB65106009C31E1 /* FMDatabasePool.m */; settings = {COMPILER_FLAGS = "-fno-objc-arc"; }; };
		0461E3441EB65106009C31E1 /* FMDatabaseQueue.m in Sources */ = {isa = PBXBuildFile; fileRef = 0461E33D1EB65106009C31E1 /* FMDatabaseQueue.m */; settings = {COMPILER_FLAGS = "-fno-objc-arc"; }; };
		0461E3451EB65106009C31E1 /* FMResultSet.m in Sources */ = {isa = PBXBuildFile; fileRef = 0461E3401EB65106009C31E1 /* FMResultSet.m */; settings = {COMPILER_FLAGS = "-fno-objc-arc"; }; };
		0461E3481EB65139009C31E1 /* libsqlite3.0.tbd in Frameworks */ = {isa = PBXBuildFile; fileRef = 0461E3471EB65139009C31E1 /* libsqlite3.0.tbd */; };
		0461E34B1EB651C1009C31E1 /* DBManager.swift in Sources */ = {isa = PBXBuildFile; fileRef = 0461E34A1EB651C1009C31E1 /* DBManager.swift */; };
		0461E34D1EB651DE009C31E1 /* Utility.swift in Sources */ = {isa = PBXBuildFile; fileRef = 0461E34C1EB651DE009C31E1 /* Utility.swift */; };
		0461E34F1EB651F9009C31E1 /* MoleculeInfo.swift in Sources */ = {isa = PBXBuildFile; fileRef = 0461E34E1EB651F9009C31E1 /* MoleculeInfo.swift */; };
		2BA812CB1EA9696100FC5EB9 /* gear_without_hub.png in Resources */ = {isa = PBXBuildFile; fileRef = 2BA812CA1EA9696100FC5EB9 /* gear_without_hub.png */; };
		6061D8EB1E9D83870034E0CB /* AppDelegate.swift in Sources */ = {isa = PBXBuildFile; fileRef = 6061D8EA1E9D83870034E0CB /* AppDelegate.swift */; };
		6061D8ED1E9D83870034E0CB /* ViewController.swift in Sources */ = {isa = PBXBuildFile; fileRef = 6061D8EC1E9D83870034E0CB /* ViewController.swift */; };
		6061D8F01E9D83870034E0CB /* Main.storyboard in Resources */ = {isa = PBXBuildFile; fileRef = 6061D8EE1E9D83870034E0CB /* Main.storyboard */; };
		6061D8F21E9D83870034E0CB /* Assets.xcassets in Resources */ = {isa = PBXBuildFile; fileRef = 6061D8F11E9D83870034E0CB /* Assets.xcassets */; };
		6061D8F51E9D83870034E0CB /* LaunchScreen.storyboard in Resources */ = {isa = PBXBuildFile; fileRef = 6061D8F31E9D83870034E0CB /* LaunchScreen.storyboard */; };
		CDBEFDA51EA46CEB00697468 /* KDCircularProgress.swift in Sources */ = {isa = PBXBuildFile; fileRef = CDBEFDA41EA46CEB00697468 /* KDCircularProgress.swift */; };
/* End PBXBuildFile section */

/* Begin PBXFileReference section */
		045BDD691EBACE860083E9C4 /* 11.png */ = {isa = PBXFileReference; lastKnownFileType = image.png; name = 11.png; path = ../../../database/images/11.png; sourceTree = "<group>"; };
		045BDD6A1EBACE860083E9C4 /* 174.png */ = {isa = PBXFileReference; lastKnownFileType = image.png; name = 174.png; path = ../../../database/images/174.png; sourceTree = "<group>"; };
		045BDD6B1EBACE860083E9C4 /* 176.png */ = {isa = PBXFileReference; lastKnownFileType = image.png; name = 176.png; path = ../../../database/images/176.png; sourceTree = "<group>"; };
		045BDD6C1EBACE860083E9C4 /* 177.png */ = {isa = PBXFileReference; lastKnownFileType = image.png; name = 177.png; path = ../../../database/images/177.png; sourceTree = "<group>"; };
		045BDD6D1EBACE860083E9C4 /* 240.png */ = {isa = PBXFileReference; lastKnownFileType = image.png; name = 240.png; path = ../../../database/images/240.png; sourceTree = "<group>"; };
		045BDD6E1EBACE860083E9C4 /* 702.png */ = {isa = PBXFileReference; lastKnownFileType = image.png; name = 702.png; path = ../../../database/images/702.png; sourceTree = "<group>"; };
		045BDD6F1EBACE860083E9C4 /* 712.png */ = {isa = PBXFileReference; lastKnownFileType = image.png; name = 712.png; path = ../../../database/images/712.png; sourceTree = "<group>"; };
		045BDD701EBACE860083E9C4 /* 896.png */ = {isa = PBXFileReference; lastKnownFileType = image.png; name = 896.png; path = ../../../database/images/896.png; sourceTree = "<group>"; };
		045BDD711EBACE860083E9C4 /* 971.png */ = {isa = PBXFileReference; lastKnownFileType = image.png; name = 971.png; path = ../../../database/images/971.png; sourceTree = "<group>"; };
		045BDD721EBACE860083E9C4 /* 978.png */ = {isa = PBXFileReference; lastKnownFileType = image.png; name = 978.png; path = ../../../database/images/978.png; sourceTree = "<group>"; };
		045BDD731EBACE860083E9C4 /* 985.png */ = {isa = PBXFileReference; lastKnownFileType = image.png; name = 985.png; path = ../../../database/images/985.png; sourceTree = "<group>"; };
		045BDD741EBACE860083E9C4 /* 991.png */ = {isa = PBXFileReference; lastKnownFileType = image.png; name = 991.png; path = ../../../database/images/991.png; sourceTree = "<group>"; };
		045BDD751EBACE860083E9C4 /* 992.png */ = {isa = PBXFileReference; lastKnownFileType = image.png; name = 992.png; path = ../../../database/images/992.png; sourceTree = "<group>"; };
		045BDD761EBACE860083E9C4 /* 1615.png */ = {isa = PBXFileReference; lastKnownFileType = image.png; name = 1615.png; path = ../../../database/images/1615.png; sourceTree = "<group>"; };
		045BDD771EBACE860083E9C4 /* 1983.png */ = {isa = PBXFileReference; lastKnownFileType = image.png; name = 1983.png; path = ../../../database/images/1983.png; sourceTree = "<group>"; };
		045BDD781EBACE860083E9C4 /* 2294.png */ = {isa = PBXFileReference; lastKnownFileType = image.png; name = 2294.png; path = ../../../database/images/2294.png; sourceTree = "<group>"; };
		045BDD791EBACE860083E9C4 /* 2337.png */ = {isa = PBXFileReference; lastKnownFileType = image.png; name = 2337.png; path = ../../../database/images/2337.png; sourceTree = "<group>"; };
		045BDD7A1EBACE860083E9C4 /* 2513.png */ = {isa = PBXFileReference; lastKnownFileType = image.png; name = 2513.png; path = ../../../database/images/2513.png; sourceTree = "<group>"; };
		045BDD7B1EBACE860083E9C4 /* 3036.png */ = {isa = PBXFileReference; lastKnownFileType = image.png; name = 3036.png; path = ../../../database/images/3036.png; sourceTree = "<group>"; };
		045BDD7C1EBACE860083E9C4 /* 3053.png */ = {isa = PBXFileReference; lastKnownFileType = image.png; name = 3053.png; path = ../../../database/images/3053.png; sourceTree = "<group>"; };
		045BDD7D1EBACE860083E9C4 /* 3224.png */ = {isa = PBXFileReference; lastKnownFileType = image.png; name = 3224.png; path = ../../../database/images/3224.png; sourceTree = "<group>"; };
		045BDD7E1EBACE860083E9C4 /* 5641.png */ = {isa = PBXFileReference; lastKnownFileType = image.png; name = 5641.png; path = ../../../database/images/5641.png; sourceTree = "<group>"; };
		045BDD7F1EBACE860083E9C4 /* 5756.png */ = {isa = PBXFileReference; lastKnownFileType = image.png; name = 5756.png; path = ../../../database/images/5756.png; sourceTree = "<group>"; };
		045BDD801EBACE860083E9C4 /* 5757.png */ = {isa = PBXFileReference; lastKnownFileType = image.png; name = 5757.png; path = ../../../database/images/5757.png; sourceTree = "<group>"; };
		045BDD811EBACE860083E9C4 /* 5816.png */ = {isa = PBXFileReference; lastKnownFileType = image.png; name = 5816.png; path = ../../../database/images/5816.png; sourceTree = "<group>"; };
		045BDD821EBACE860083E9C4 /* 5870.png */ = {isa = PBXFileReference; lastKnownFileType = image.png; name = 5870.png; path = ../../../database/images/5870.png; sourceTree = "<group>"; };
		045BDD831EBACE860083E9C4 /* 5951.png */ = {isa = PBXFileReference; lastKnownFileType = image.png; name = 5951.png; path = ../../../database/images/5951.png; sourceTree = "<group>"; };
		045BDD841EBACE860083E9C4 /* 6049.png */ = {isa = PBXFileReference; lastKnownFileType = image.png; name = 6049.png; path = ../../../database/images/6049.png; sourceTree = "<group>"; };
		045BDD851EBACE860083E9C4 /* 6077.png */ = {isa = PBXFileReference; lastKnownFileType = image.png; name = 6077.png; path = ../../../database/images/6077.png; sourceTree = "<group>"; };
		045BDD861EBACE860083E9C4 /* 6325.png */ = {isa = PBXFileReference; lastKnownFileType = image.png; name = 6325.png; path = ../../../database/images/6325.png; sourceTree = "<group>"; };
		045BDD871EBACE860083E9C4 /* 6341.png */ = {isa = PBXFileReference; lastKnownFileType = image.png; name = 6341.png; path = ../../../database/images/6341.png; sourceTree = "<group>"; };
		045BDD881EBACE860083E9C4 /* 6501.png */ = {isa = PBXFileReference; lastKnownFileType = image.png; name = 6501.png; path = ../../../database/images/6501.png; sourceTree = "<group>"; };
		045BDD891EBACE860083E9C4 /* 6585.png */ = {isa = PBXFileReference; lastKnownFileType = image.png; name = 6585.png; path = ../../../database/images/6585.png; sourceTree = "<group>"; };
		045BDD8A1EBACE860083E9C4 /* 6613.png */ = {isa = PBXFileReference; lastKnownFileType = image.png; name = 6613.png; path = ../../../database/images/6613.png; sourceTree = "<group>"; };
		045BDD8B1EBACE860083E9C4 /* 6697.png */ = {isa = PBXFileReference; lastKnownFileType = image.png; name = 6697.png; path = ../../../database/images/6697.png; sourceTree = "<group>"; };
		045BDD8C1EBACE860083E9C4 /* 6724.png */ = {isa = PBXFileReference; lastKnownFileType = image.png; name = 6724.png; path = ../../../database/images/6724.png; sourceTree = "<group>"; };
		045BDD8D1EBACE860083E9C4 /* 6734.png */ = {isa = PBXFileReference; lastKnownFileType = image.png; name = 6734.png; path = ../../../database/images/6734.png; sourceTree = "<group>"; };
		045BDD8E1EBACE860083E9C4 /* 7500.png */ = {isa = PBXFileReference; lastKnownFileType = image.png; name = 7500.png; path = ../../../database/images/7500.png; sourceTree = "<group>"; };
		045BDD8F1EBACE860083E9C4 /* 7765.png */ = {isa = PBXFileReference; lastKnownFileType = image.png; name = 7765.png; path = ../../../database/images/7765.png; sourceTree = "<group>"; };
		045BDD901EBACE860083E9C4 /* 8003.png */ = {isa = PBXFileReference; lastKnownFileType = image.png; name = 8003.png; path = ../../../database/images/8003.png; sourceTree = "<group>"; };
		045BDD911EBACE860083E9C4 /* 8004.png */ = {isa = PBXFileReference; lastKnownFileType = image.png; name = 8004.png; path = ../../../database/images/8004.png; sourceTree = "<group>"; };
		045BDD921EBACE860083E9C4 /* 8158.png */ = {isa = PBXFileReference; lastKnownFileType = image.png; name = 8158.png; path = ../../../database/images/8158.png; sourceTree = "<group>"; };
		045BDD931EBACE860083E9C4 /* 8215.png */ = {isa = PBXFileReference; lastKnownFileType = image.png; name = 8215.png; path = ../../../database/images/8215.png; sourceTree = "<group>"; };
		045BDD941EBACE860083E9C4 /* 8222.png */ = {isa = PBXFileReference; lastKnownFileType = image.png; name = 8222.png; path = ../../../database/images/8222.png; sourceTree = "<group>"; };
		045BDD951EBACE860083E9C4 /* 8223.png */ = {isa = PBXFileReference; lastKnownFileType = image.png; name = 8223.png; path = ../../../database/images/8223.png; sourceTree = "<group>"; };
		045BDD961EBACE860083E9C4 /* 8285.png */ = {isa = PBXFileReference; lastKnownFileType = image.png; name = 8285.png; path = ../../../database/images/8285.png; sourceTree = "<group>"; };
		045BDD971EBACE860083E9C4 /* 8805.png */ = {isa = PBXFileReference; lastKnownFileType = image.png; name = 8805.png; path = ../../../database/images/8805.png; sourceTree = "<group>"; };
		045BDD981EBACE860083E9C4 /* 8857.png */ = {isa = PBXFileReference; lastKnownFileType = image.png; name = 8857.png; path = ../../../database/images/8857.png; sourceTree = "<group>"; };
		045BDD991EBACE860083E9C4 /* 9161.png */ = {isa = PBXFileReference; lastKnownFileType = image.png; name = 9161.png; path = ../../../database/images/9161.png; sourceTree = "<group>"; };
		045BDD9A1EBACE860083E9C4 /* 9294.png */ = {isa = PBXFileReference; lastKnownFileType = image.png; name = 9294.png; path = ../../../database/images/9294.png; sourceTree = "<group>"; };
		045BDD9B1EBACE860083E9C4 /* 9633.png */ = {isa = PBXFileReference; lastKnownFileType = image.png; name = 9633.png; path = ../../../database/images/9633.png; sourceTree = "<group>"; };
		045BDD9C1EBACE860083E9C4 /* 10038.png */ = {isa = PBXFileReference; lastKnownFileType = image.png; name = 10038.png; path = ../../../database/images/10038.png; sourceTree = "<group>"; };
		045BDD9D1EBACE860083E9C4 /* 10569.png */ = {isa = PBXFileReference; lastKnownFileType = image.png; name = 10569.png; path = ../../../database/images/10569.png; sourceTree = "<group>"; };
		045BDD9E1EBACE860083E9C4 /* 11048.png */ = {isa = PBXFileReference; lastKnownFileType = image.png; name = 11048.png; path = ../../../database/images/11048.png; sourceTree = "<group>"; };
		045BDD9F1EBACE860083E9C4 /* 12391.png */ = {isa = PBXFileReference; lastKnownFileType = image.png; name = 12391.png; path = ../../../database/images/12391.png; sourceTree = "<group>"; };
		045BDDA01EBACE860083E9C4 /* 14410.png */ = {isa = PBXFileReference; lastKnownFileType = image.png; name = 14410.png; path = ../../../database/images/14410.png; sourceTree = "<group>"; };
		045BDDA11EBACE860083E9C4 /* 14710.png */ = {isa = PBXFileReference; lastKnownFileType = image.png; name = 14710.png; path = ../../../database/images/14710.png; sourceTree = "<group>"; };
		045BDDA21EBACE860083E9C4 /* 15789.png */ = {isa = PBXFileReference; lastKnownFileType = image.png; name = 15789.png; path = ../../../database/images/15789.png; sourceTree = "<group>"; };
		045BDDA31EBACE860083E9C4 /* 16945.png */ = {isa = PBXFileReference; lastKnownFileType = image.png; name = 16945.png; path = ../../../database/images/16945.png; sourceTree = "<group>"; };
		045BDDA41EBACE860083E9C4 /* 17336.png */ = {isa = PBXFileReference; lastKnownFileType = image.png; name = 17336.png; path = ../../../database/images/17336.png; sourceTree = "<group>"; };
		045BDDA51EBACE860083E9C4 /* 28780.png */ = {isa = PBXFileReference; lastKnownFileType = image.png; name = 28780.png; path = ../../../database/images/28780.png; sourceTree = "<group>"; };
		045BDDA61EBACE860083E9C4 /* 32154.png */ = {isa = PBXFileReference; lastKnownFileType = image.png; name = 32154.png; path = ../../../database/images/32154.png; sourceTree = "<group>"; };
		045BDDA71EBACE860083E9C4 /* 33645.png */ = {isa = PBXFileReference; lastKnownFileType = image.png; name = 33645.png; path = ../../../database/images/33645.png; sourceTree = "<group>"; };
		045BDDA81EBACE860083E9C4 /* 36314.png */ = {isa = PBXFileReference; lastKnownFileType = image.png; name = 36314.png; path = ../../../database/images/36314.png; sourceTree = "<group>"; };
		045BDDA91EBACE860083E9C4 /* 95170.png */ = {isa = PBXFileReference; lastKnownFileType = image.png; name = 95170.png; path = ../../../database/images/95170.png; sourceTree = "<group>"; };
		045BDDAA1EBACE860083E9C4 /* 123591.png */ = {isa = PBXFileReference; lastKnownFileType = image.png; name = 123591.png; path = ../../../database/images/123591.png; sourceTree = "<group>"; };
		045BDDAB1EBACE860083E9C4 /* 182204.png */ = {isa = PBXFileReference; lastKnownFileType = image.png; name = 182204.png; path = ../../../database/images/182204.png; sourceTree = "<group>"; };
		045BDDAC1EBACE860083E9C4 /* 221125.png */ = {isa = PBXFileReference; lastKnownFileType = image.png; name = 221125.png; path = ../../../database/images/221125.png; sourceTree = "<group>"; };
		045BDDAD1EBACE860083E9C4 /* 222285.png */ = {isa = PBXFileReference; lastKnownFileType = image.png; name = 222285.png; path = ../../../database/images/222285.png; sourceTree = "<group>"; };
		045BDDAE1EBACE860083E9C4 /* 443688.png */ = {isa = PBXFileReference; lastKnownFileType = image.png; name = 443688.png; path = ../../../database/images/443688.png; sourceTree = "<group>"; };
		045BDDAF1EBACE860083E9C4 /* 443955.png */ = {isa = PBXFileReference; lastKnownFileType = image.png; name = 443955.png; path = ../../../database/images/443955.png; sourceTree = "<group>"; };
		045BDDB01EBACE860083E9C4 /* 2723814.png */ = {isa = PBXFileReference; lastKnownFileType = image.png; name = 2723814.png; path = ../../../database/images/2723814.png; sourceTree = "<group>"; };
		045BDDB11EBACE860083E9C4 /* 5281116.png */ = {isa = PBXFileReference; lastKnownFileType = image.png; name = 5281116.png; path = ../../../database/images/5281116.png; sourceTree = "<group>"; };
		045BDDB21EBACE860083E9C4 /* 5282367.png */ = {isa = PBXFileReference; lastKnownFileType = image.png; name = 5282367.png; path = ../../../database/images/5282367.png; sourceTree = "<group>"; };
		045BDDB31EBACE860083E9C4 /* 5497103.png */ = {isa = PBXFileReference; lastKnownFileType = image.png; name = 5497103.png; path = ../../../database/images/5497103.png; sourceTree = "<group>"; };
		045BDDB41EBACE860083E9C4 /* 6857485.png */ = {isa = PBXFileReference; lastKnownFileType = image.png; name = 6857485.png; path = ../../../database/images/6857485.png; sourceTree = "<group>"; };
		045BDDB51EBACE860083E9C4 /* 6857501.png */ = {isa = PBXFileReference; lastKnownFileType = image.png; name = 6857501.png; path = ../../../database/images/6857501.png; sourceTree = "<group>"; };
		045BDDB61EBACE860083E9C4 /* 6857537.png */ = {isa = PBXFileReference; lastKnownFileType = image.png; name = 6857537.png; path = ../../../database/images/6857537.png; sourceTree = "<group>"; };
		045BDDB71EBACE860083E9C4 /* 9548765.png */ = {isa = PBXFileReference; lastKnownFileType = image.png; name = 9548765.png; path = ../../../database/images/9548765.png; sourceTree = "<group>"; };
		045BDDB81EBACE860083E9C4 /* 12358480.png */ = {isa = PBXFileReference; lastKnownFileType = image.png; name = 12358480.png; path = ../../../database/images/12358480.png; sourceTree = "<group>"; };
		045BDDB91EBACE860083E9C4 /* 23663539.png */ = {isa = PBXFileReference; lastKnownFileType = image.png; name = 23663539.png; path = ../../../database/images/23663539.png; sourceTree = "<group>"; };
		045BDDBA1EBACE860083E9C4 /* 57078918.png */ = {isa = PBXFileReference; lastKnownFileType = image.png; name = 57078918.png; path = ../../../database/images/57078918.png; sourceTree = "<group>"; };
		0461E3351EB65106009C31E1 /* Chemistry-Bridging-Header.h */ = {isa = PBXFileReference; lastKnownFileType = sourcecode.c.h; path = "Chemistry-Bridging-Header.h"; sourceTree = "<group>"; };
		0461E3361EB65106009C31E1 /* FMDatabase.h */ = {isa = PBXFileReference; fileEncoding = 4; lastKnownFileType = sourcecode.c.h; name = FMDatabase.h; path = FMDB/FMDatabase.h; sourceTree = "<group>"; };
		0461E3371EB65106009C31E1 /* FMDatabase.m */ = {isa = PBXFileReference; fileEncoding = 4; lastKnownFileType = sourcecode.c.objc; name = FMDatabase.m; path = FMDB/FMDatabase.m; sourceTree = "<group>"; };
		0461E3381EB65106009C31E1 /* FMDatabaseAdditions.h */ = {isa = PBXFileReference; fileEncoding = 4; lastKnownFileType = sourcecode.c.h; name = FMDatabaseAdditions.h; path = FMDB/FMDatabaseAdditions.h; sourceTree = "<group>"; };
		0461E3391EB65106009C31E1 /* FMDatabaseAdditions.m */ = {isa = PBXFileReference; fileEncoding = 4; lastKnownFileType = sourcecode.c.objc; name = FMDatabaseAdditions.m; path = FMDB/FMDatabaseAdditions.m; sourceTree = "<group>"; };
		0461E33A1EB65106009C31E1 /* FMDatabasePool.h */ = {isa = PBXFileReference; fileEncoding = 4; lastKnownFileType = sourcecode.c.h; name = FMDatabasePool.h; path = FMDB/FMDatabasePool.h; sourceTree = "<group>"; };
		0461E33B1EB65106009C31E1 /* FMDatabasePool.m */ = {isa = PBXFileReference; fileEncoding = 4; lastKnownFileType = sourcecode.c.objc; name = FMDatabasePool.m; path = FMDB/FMDatabasePool.m; sourceTree = "<group>"; };
		0461E33C1EB65106009C31E1 /* FMDatabaseQueue.h */ = {isa = PBXFileReference; fileEncoding = 4; lastKnownFileType = sourcecode.c.h; name = FMDatabaseQueue.h; path = FMDB/FMDatabaseQueue.h; sourceTree = "<group>"; };
		0461E33D1EB65106009C31E1 /* FMDatabaseQueue.m */ = {isa = PBXFileReference; fileEncoding = 4; lastKnownFileType = sourcecode.c.objc; name = FMDatabaseQueue.m; path = FMDB/FMDatabaseQueue.m; sourceTree = "<group>"; };
		0461E33E1EB65106009C31E1 /* FMDB.h */ = {isa = PBXFileReference; fileEncoding = 4; lastKnownFileType = sourcecode.c.h; name = FMDB.h; path = FMDB/FMDB.h; sourceTree = "<group>"; };
		0461E33F1EB65106009C31E1 /* FMResultSet.h */ = {isa = PBXFileReference; fileEncoding = 4; lastKnownFileType = sourcecode.c.h; name = FMResultSet.h; path = FMDB/FMResultSet.h; sourceTree = "<group>"; };
		0461E3401EB65106009C31E1 /* FMResultSet.m */ = {isa = PBXFileReference; fileEncoding = 4; lastKnownFileType = sourcecode.c.objc; name = FMResultSet.m; path = FMDB/FMResultSet.m; sourceTree = "<group>"; };
		0461E3471EB65139009C31E1 /* libsqlite3.0.tbd */ = {isa = PBXFileReference; lastKnownFileType = "sourcecode.text-based-dylib-definition"; name = libsqlite3.0.tbd; path = usr/lib/libsqlite3.0.tbd; sourceTree = SDKROOT; };
		0461E3491EB651B0009C31E1 /* mol.db */ = {isa = PBXFileReference; lastKnownFileType = file; name = mol.db; path = ../../../database/mol.db; sourceTree = "<group>"; };
		0461E34A1EB651C1009C31E1 /* DBManager.swift */ = {isa = PBXFileReference; fileEncoding = 4; lastKnownFileType = sourcecode.swift; name = DBManager.swift; path = ../DBManager.swift; sourceTree = "<group>"; };
		0461E34C1EB651DE009C31E1 /* Utility.swift */ = {isa = PBXFileReference; fileEncoding = 4; lastKnownFileType = sourcecode.swift; name = Utility.swift; path = ../Utility.swift; sourceTree = "<group>"; };
		0461E34E1EB651F9009C31E1 /* MoleculeInfo.swift */ = {isa = PBXFileReference; fileEncoding = 4; lastKnownFileType = sourcecode.swift; name = MoleculeInfo.swift; path = ../MoleculeInfo.swift; sourceTree = "<group>"; };
		2BA812CA1EA9696100FC5EB9 /* gear_without_hub.png */ = {isa = PBXFileReference; lastKnownFileType = image.png; name = gear_without_hub.png; path = Assets.xcassets/gear_without_hub.png; sourceTree = "<group>"; };
		6061D8E71E9D83870034E0CB /* Chemistry.app */ = {isa = PBXFileReference; explicitFileType = wrapper.application; includeInIndex = 0; path = Chemistry.app; sourceTree = BUILT_PRODUCTS_DIR; };
		6061D8EA1E9D83870034E0CB /* AppDelegate.swift */ = {isa = PBXFileReference; lastKnownFileType = sourcecode.swift; path = AppDelegate.swift; sourceTree = "<group>"; };
		6061D8EC1E9D83870034E0CB /* ViewController.swift */ = {isa = PBXFileReference; lastKnownFileType = sourcecode.swift; path = ViewController.swift; sourceTree = "<group>"; };
		6061D8EF1E9D83870034E0CB /* Base */ = {isa = PBXFileReference; lastKnownFileType = file.storyboard; name = Base; path = Base.lproj/Main.storyboard; sourceTree = "<group>"; };
		6061D8F11E9D83870034E0CB /* Assets.xcassets */ = {isa = PBXFileReference; lastKnownFileType = folder.assetcatalog; path = Assets.xcassets; sourceTree = "<group>"; };
		6061D8F41E9D83870034E0CB /* Base */ = {isa = PBXFileReference; lastKnownFileType = file.storyboard; name = Base; path = Base.lproj/LaunchScreen.storyboard; sourceTree = "<group>"; };
		6061D8F61E9D83870034E0CB /* Info.plist */ = {isa = PBXFileReference; lastKnownFileType = text.plist.xml; path = Info.plist; sourceTree = "<group>"; };
		CDBEFDA41EA46CEB00697468 /* KDCircularProgress.swift */ = {isa = PBXFileReference; fileEncoding = 4; lastKnownFileType = sourcecode.swift; path = KDCircularProgress.swift; sourceTree = "<group>"; };
/* End PBXFileReference section */

/* Begin PBXFrameworksBuildPhase section */
		6061D8E41E9D83870034E0CB /* Frameworks */ = {
			isa = PBXFrameworksBuildPhase;
			buildActionMask = 2147483647;
			files = (
				0461E3481EB65139009C31E1 /* libsqlite3.0.tbd in Frameworks */,
			);
			runOnlyForDeploymentPostprocessing = 0;
		};
/* End PBXFrameworksBuildPhase section */

/* Begin PBXGroup section */
		045BDD681EBACE570083E9C4 /* Images */ = {
			isa = PBXGroup;
			children = (
				045BDD691EBACE860083E9C4 /* 11.png */,
				045BDD6A1EBACE860083E9C4 /* 174.png */,
				045BDD6B1EBACE860083E9C4 /* 176.png */,
				045BDD6C1EBACE860083E9C4 /* 177.png */,
				045BDD6D1EBACE860083E9C4 /* 240.png */,
				045BDD6E1EBACE860083E9C4 /* 702.png */,
				045BDD6F1EBACE860083E9C4 /* 712.png */,
				045BDD701EBACE860083E9C4 /* 896.png */,
				045BDD711EBACE860083E9C4 /* 971.png */,
				045BDD721EBACE860083E9C4 /* 978.png */,
				045BDD731EBACE860083E9C4 /* 985.png */,
				045BDD741EBACE860083E9C4 /* 991.png */,
				045BDD751EBACE860083E9C4 /* 992.png */,
				045BDD761EBACE860083E9C4 /* 1615.png */,
				045BDD771EBACE860083E9C4 /* 1983.png */,
				045BDD781EBACE860083E9C4 /* 2294.png */,
				045BDD791EBACE860083E9C4 /* 2337.png */,
				045BDD7A1EBACE860083E9C4 /* 2513.png */,
				045BDD7B1EBACE860083E9C4 /* 3036.png */,
				045BDD7C1EBACE860083E9C4 /* 3053.png */,
				045BDD7D1EBACE860083E9C4 /* 3224.png */,
				045BDD7E1EBACE860083E9C4 /* 5641.png */,
				045BDD7F1EBACE860083E9C4 /* 5756.png */,
				045BDD801EBACE860083E9C4 /* 5757.png */,
				045BDD811EBACE860083E9C4 /* 5816.png */,
				045BDD821EBACE860083E9C4 /* 5870.png */,
				045BDD831EBACE860083E9C4 /* 5951.png */,
				045BDD841EBACE860083E9C4 /* 6049.png */,
				045BDD851EBACE860083E9C4 /* 6077.png */,
				045BDD861EBACE860083E9C4 /* 6325.png */,
				045BDD871EBACE860083E9C4 /* 6341.png */,
				045BDD881EBACE860083E9C4 /* 6501.png */,
				045BDD891EBACE860083E9C4 /* 6585.png */,
				045BDD8A1EBACE860083E9C4 /* 6613.png */,
				045BDD8B1EBACE860083E9C4 /* 6697.png */,
				045BDD8C1EBACE860083E9C4 /* 6724.png */,
				045BDD8D1EBACE860083E9C4 /* 6734.png */,
				045BDD8E1EBACE860083E9C4 /* 7500.png */,
				045BDD8F1EBACE860083E9C4 /* 7765.png */,
				045BDD901EBACE860083E9C4 /* 8003.png */,
				045BDD911EBACE860083E9C4 /* 8004.png */,
				045BDD921EBACE860083E9C4 /* 8158.png */,
				045BDD931EBACE860083E9C4 /* 8215.png */,
				045BDD941EBACE860083E9C4 /* 8222.png */,
				045BDD951EBACE860083E9C4 /* 8223.png */,
				045BDD961EBACE860083E9C4 /* 8285.png */,
				045BDD971EBACE860083E9C4 /* 8805.png */,
				045BDD981EBACE860083E9C4 /* 8857.png */,
				045BDD991EBACE860083E9C4 /* 9161.png */,
				045BDD9A1EBACE860083E9C4 /* 9294.png */,
				045BDD9B1EBACE860083E9C4 /* 9633.png */,
				045BDD9C1EBACE860083E9C4 /* 10038.png */,
				045BDD9D1EBACE860083E9C4 /* 10569.png */,
				045BDD9E1EBACE860083E9C4 /* 11048.png */,
				045BDD9F1EBACE860083E9C4 /* 12391.png */,
				045BDDA01EBACE860083E9C4 /* 14410.png */,
				045BDDA11EBACE860083E9C4 /* 14710.png */,
				045BDDA21EBACE860083E9C4 /* 15789.png */,
				045BDDA31EBACE860083E9C4 /* 16945.png */,
				045BDDA41EBACE860083E9C4 /* 17336.png */,
				045BDDA51EBACE860083E9C4 /* 28780.png */,
				045BDDA61EBACE860083E9C4 /* 32154.png */,
				045BDDA71EBACE860083E9C4 /* 33645.png */,
				045BDDA81EBACE860083E9C4 /* 36314.png */,
				045BDDA91EBACE860083E9C4 /* 95170.png */,
				045BDDAA1EBACE860083E9C4 /* 123591.png */,
				045BDDAB1EBACE860083E9C4 /* 182204.png */,
				045BDDAC1EBACE860083E9C4 /* 221125.png */,
				045BDDAD1EBACE860083E9C4 /* 222285.png */,
				045BDDAE1EBACE860083E9C4 /* 443688.png */,
				045BDDAF1EBACE860083E9C4 /* 443955.png */,
				045BDDB01EBACE860083E9C4 /* 2723814.png */,
				045BDDB11EBACE860083E9C4 /* 5281116.png */,
				045BDDB21EBACE860083E9C4 /* 5282367.png */,
				045BDDB31EBACE860083E9C4 /* 5497103.png */,
				045BDDB41EBACE860083E9C4 /* 6857485.png */,
				045BDDB51EBACE860083E9C4 /* 6857501.png */,
				045BDDB61EBACE860083E9C4 /* 6857537.png */,
				045BDDB71EBACE860083E9C4 /* 9548765.png */,
				045BDDB81EBACE860083E9C4 /* 12358480.png */,
				045BDDB91EBACE860083E9C4 /* 23663539.png */,
				045BDDBA1EBACE860083E9C4 /* 57078918.png */,
			);
			name = Images;
			sourceTree = "<group>";
		};
		0461E3341EB650E4009C31E1 /* FMDB - 3rd party sql wrapper */ = {
			isa = PBXGroup;
			children = (
				0461E3361EB65106009C31E1 /* FMDatabase.h */,
				0461E3371EB65106009C31E1 /* FMDatabase.m */,
				0461E3381EB65106009C31E1 /* FMDatabaseAdditions.h */,
				0461E3391EB65106009C31E1 /* FMDatabaseAdditions.m */,
				0461E33A1EB65106009C31E1 /* FMDatabasePool.h */,
				0461E33B1EB65106009C31E1 /* FMDatabasePool.m */,
				0461E33C1EB65106009C31E1 /* FMDatabaseQueue.h */,
				0461E33D1EB65106009C31E1 /* FMDatabaseQueue.m */,
				0461E33E1EB65106009C31E1 /* FMDB.h */,
				0461E33F1EB65106009C31E1 /* FMResultSet.h */,
				0461E3401EB65106009C31E1 /* FMResultSet.m */,
				0461E3351EB65106009C31E1 /* Chemistry-Bridging-Header.h */,
			);
			name = "FMDB - 3rd party sql wrapper";
			sourceTree = "<group>";
		};
		0461E3461EB65139009C31E1 /* Frameworks */ = {
			isa = PBXGroup;
			children = (
				0461E3471EB65139009C31E1 /* libsqlite3.0.tbd */,
			);
			name = Frameworks;
			sourceTree = "<group>";
		};
		6061D8DE1E9D83870034E0CB = {
			isa = PBXGroup;
			children = (
				6061D8E91E9D83870034E0CB /* Chemistry */,
				6061D8E81E9D83870034E0CB /* Products */,
				0461E3461EB65139009C31E1 /* Frameworks */,
			);
			sourceTree = "<group>";
		};
		6061D8E81E9D83870034E0CB /* Products */ = {
			isa = PBXGroup;
			children = (
				6061D8E71E9D83870034E0CB /* Chemistry.app */,
			);
			name = Products;
			sourceTree = "<group>";
		};
		6061D8E91E9D83870034E0CB /* Chemistry */ = {
			isa = PBXGroup;
			children = (
				0461E3341EB650E4009C31E1 /* FMDB - 3rd party sql wrapper */,
				6061D8EA1E9D83870034E0CB /* AppDelegate.swift */,
				6061D8EC1E9D83870034E0CB /* ViewController.swift */,
				6061D8EE1E9D83870034E0CB /* Main.storyboard */,
				6061D8F11E9D83870034E0CB /* Assets.xcassets */,
				2BA812CA1EA9696100FC5EB9 /* gear_without_hub.png */,
				6061D8F31E9D83870034E0CB /* LaunchScreen.storyboard */,
				6061D8F61E9D83870034E0CB /* Info.plist */,
				CDBEFDA41EA46CEB00697468 /* KDCircularProgress.swift */,
				0461E34A1EB651C1009C31E1 /* DBManager.swift */,
				0461E34E1EB651F9009C31E1 /* MoleculeInfo.swift */,
				0461E34C1EB651DE009C31E1 /* Utility.swift */,
				0461E3491EB651B0009C31E1 /* mol.db */,
				045BDD681EBACE570083E9C4 /* Images */,
			);
			path = Chemistry;
			sourceTree = "<group>";
		};
/* End PBXGroup section */

/* Begin PBXNativeTarget section */
		6061D8E61E9D83870034E0CB /* Chemistry */ = {
			isa = PBXNativeTarget;
			buildConfigurationList = 6061D8F91E9D83870034E0CB /* Build configuration list for PBXNativeTarget "Chemistry" */;
			buildPhases = (
				6061D8E31E9D83870034E0CB /* Sources */,
				6061D8E41E9D83870034E0CB /* Frameworks */,
				6061D8E51E9D83870034E0CB /* Resources */,
			);
			buildRules = (
			);
			dependencies = (
			);
			name = Chemistry;
			productName = Chemistry;
			productReference = 6061D8E71E9D83870034E0CB /* Chemistry.app */;
			productType = "com.apple.product-type.application";
		};
/* End PBXNativeTarget section */

/* Begin PBXProject section */
		6061D8DF1E9D83870034E0CB /* Project object */ = {
			isa = PBXProject;
			attributes = {
				LastSwiftUpdateCheck = 0730;
				LastUpgradeCheck = 0820;
				ORGANIZATIONNAME = bleh;
				TargetAttributes = {
					6061D8E61E9D83870034E0CB = {
						CreatedOnToolsVersion = 7.3.1;
						DevelopmentTeam = 6C8PUPR5FG;
						LastSwiftMigration = 0830;
					};
				};
			};
			buildConfigurationList = 6061D8E21E9D83870034E0CB /* Build configuration list for PBXProject "Chemistry" */;
			compatibilityVersion = "Xcode 3.2";
			developmentRegion = English;
			hasScannedForEncodings = 0;
			knownRegions = (
				en,
				Base,
			);
			mainGroup = 6061D8DE1E9D83870034E0CB;
			productRefGroup = 6061D8E81E9D83870034E0CB /* Products */;
			projectDirPath = "";
			projectRoot = "";
			targets = (
				6061D8E61E9D83870034E0CB /* Chemistry */,
			);
		};
/* End PBXProject section */

/* Begin PBXResourcesBuildPhase section */
		6061D8E51E9D83870034E0CB /* Resources */ = {
			isa = PBXResourcesBuildPhase;
			buildActionMask = 2147483647;
			files = (
				045BDDF61EBACE860083E9C4 /* 17336.png in Resources */,
				045BDDD11EBACE860083E9C4 /* 5756.png in Resources */,
				045BDDD81EBACE860083E9C4 /* 6325.png in Resources */,
				045BDDE21EBACE860083E9C4 /* 8003.png in Resources */,
				045BDDD51EBACE860083E9C4 /* 5951.png in Resources */,
				045BDDE01EBACE860083E9C4 /* 7500.png in Resources */,
				045BDDDD1EBACE860083E9C4 /* 6697.png in Resources */,
				045BDE091EBACE860083E9C4 /* 9548765.png in Resources */,
				045BDDC81EBACE860083E9C4 /* 1615.png in Resources */,
				045BDDF11EBACE860083E9C4 /* 12391.png in Resources */,
				045BDDED1EBACE860083E9C4 /* 9633.png in Resources */,
				045BDDD01EBACE860083E9C4 /* 5641.png in Resources */,
				045BDDD21EBACE860083E9C4 /* 5757.png in Resources */,
				045BDDE91EBACE860083E9C4 /* 8805.png in Resources */,
				045BDDE61EBACE860083E9C4 /* 8222.png in Resources */,
				045BDDBF1EBACE860083E9C4 /* 240.png in Resources */,
				045BDDBC1EBACE860083E9C4 /* 174.png in Resources */,
				045BDE071EBACE860083E9C4 /* 6857501.png in Resources */,
				045BDDF91EBACE860083E9C4 /* 33645.png in Resources */,
				045BDDF31EBACE860083E9C4 /* 14710.png in Resources */,
				045BDDFE1EBACE860083E9C4 /* 221125.png in Resources */,
				045BDDE81EBACE860083E9C4 /* 8285.png in Resources */,
				045BDDFB1EBACE860083E9C4 /* 95170.png in Resources */,
				045BDDC41EBACE860083E9C4 /* 978.png in Resources */,
				045BDDEE1EBACE860083E9C4 /* 10038.png in Resources */,
				045BDDC51EBACE860083E9C4 /* 985.png in Resources */,
				045BDDC11EBACE860083E9C4 /* 712.png in Resources */,
				045BDDCE1EBACE860083E9C4 /* 3053.png in Resources */,
				045BDDF41EBACE860083E9C4 /* 15789.png in Resources */,
				045BDE0B1EBACE860083E9C4 /* 23663539.png in Resources */,
				045BDDCF1EBACE860083E9C4 /* 3224.png in Resources */,
				045BDDD71EBACE860083E9C4 /* 6077.png in Resources */,
				045BDDFD1EBACE860083E9C4 /* 182204.png in Resources */,
				045BDDEF1EBACE860083E9C4 /* 10569.png in Resources */,
				045BDDDB1EBACE860083E9C4 /* 6585.png in Resources */,
				045BDDDF1EBACE860083E9C4 /* 6734.png in Resources */,
				045BDDBE1EBACE860083E9C4 /* 177.png in Resources */,
				045BDDBD1EBACE860083E9C4 /* 176.png in Resources */,
				045BDDE11EBACE860083E9C4 /* 7765.png in Resources */,
				045BDDFF1EBACE860083E9C4 /* 222285.png in Resources */,
				045BDDD61EBACE860083E9C4 /* 6049.png in Resources */,
				045BDDF21EBACE860083E9C4 /* 14410.png in Resources */,
				045BDDE71EBACE860083E9C4 /* 8223.png in Resources */,
				045BDDEC1EBACE860083E9C4 /* 9294.png in Resources */,
				045BDE061EBACE860083E9C4 /* 6857485.png in Resources */,
				045BDDD91EBACE860083E9C4 /* 6341.png in Resources */,
				045BDDBB1EBACE860083E9C4 /* 11.png in Resources */,
				045BDE031EBACE860083E9C4 /* 5281116.png in Resources */,
				045BDDFC1EBACE860083E9C4 /* 123591.png in Resources */,
				045BDDCB1EBACE860083E9C4 /* 2337.png in Resources */,
				045BDDDE1EBACE860083E9C4 /* 6724.png in Resources */,
				045BDDE41EBACE860083E9C4 /* 8158.png in Resources */,
				045BDDE31EBACE860083E9C4 /* 8004.png in Resources */,
				045BDDC01EBACE860083E9C4 /* 702.png in Resources */,
				045BDDC91EBACE860083E9C4 /* 1983.png in Resources */,
				045BDDC71EBACE860083E9C4 /* 992.png in Resources */,
				045BDDCA1EBACE860083E9C4 /* 2294.png in Resources */,
				045BDDCC1EBACE860083E9C4 /* 2513.png in Resources */,
				6061D8F51E9D83870034E0CB /* LaunchScreen.storyboard in Resources */,
				045BDDEA1EBACE860083E9C4 /* 8857.png in Resources */,
				045BDDC31EBACE860083E9C4 /* 971.png in Resources */,
				045BDE011EBACE860083E9C4 /* 443955.png in Resources */,
				045BDE0C1EBACE860083E9C4 /* 57078918.png in Resources */,
				045BDDDA1EBACE860083E9C4 /* 6501.png in Resources */,
				045BDDDC1EBACE860083E9C4 /* 6613.png in Resources */,
				045BDDF51EBACE860083E9C4 /* 16945.png in Resources */,
				045BDDCD1EBACE860083E9C4 /* 3036.png in Resources */,
				045BDDE51EBACE860083E9C4 /* 8215.png in Resources */,
				6061D8F21E9D83870034E0CB /* Assets.xcassets in Resources */,
				045BDE001EBACE860083E9C4 /* 443688.png in Resources */,
				045BDDF01EBACE860083E9C4 /* 11048.png in Resources */,
				045BDE021EBACE860083E9C4 /* 2723814.png in Resources */,
				045BDDD31EBACE860083E9C4 /* 5816.png in Resources */,
				045BDDC21EBACE860083E9C4 /* 896.png in Resources */,
				045BDDF81EBACE860083E9C4 /* 32154.png in Resources */,
				045BDDFA1EBACE860083E9C4 /* 36314.png in Resources */,
				045BDE0A1EBACE860083E9C4 /* 12358480.png in Resources */,
				045BDDC61EBACE860083E9C4 /* 991.png in Resources */,
				045BDE051EBACE860083E9C4 /* 5497103.png in Resources */,
				045BDE081EBACE860083E9C4 /* 6857537.png in Resources */,
				045BDDD41EBACE860083E9C4 /* 5870.png in Resources */,
				6061D8F01E9D83870034E0CB /* Main.storyboard in Resources */,
				045BDDF71EBACE860083E9C4 /* 28780.png in Resources */,
				045BDDEB1EBACE860083E9C4 /* 9161.png in Resources */,
				2BA812CB1EA9696100FC5EB9 /* gear_without_hub.png in Resources */,
				045BDE041EBACE860083E9C4 /* 5282367.png in Resources */,
			);
			runOnlyForDeploymentPostprocessing = 0;
		};
/* End PBXResourcesBuildPhase section */

/* Begin PBXSourcesBuildPhase section */
		6061D8E31E9D83870034E0CB /* Sources */ = {
			isa = PBXSourcesBuildPhase;
			buildActionMask = 2147483647;
			files = (
				0461E34D1EB651DE009C31E1 /* Utility.swift in Sources */,
				0461E34F1EB651F9009C31E1 /* MoleculeInfo.swift in Sources */,
				CDBEFDA51EA46CEB00697468 /* KDCircularProgress.swift in Sources */,
				0461E3431EB65106009C31E1 /* FMDatabasePool.m in Sources */,
				6061D8ED1E9D83870034E0CB /* ViewController.swift in Sources */,
				0461E3441EB65106009C31E1 /* FMDatabaseQueue.m in Sources */,
				0461E34B1EB651C1009C31E1 /* DBManager.swift in Sources */,
				6061D8EB1E9D83870034E0CB /* AppDelegate.swift in Sources */,
				0461E3411EB65106009C31E1 /* FMDatabase.m in Sources */,
				0461E3451EB65106009C31E1 /* FMResultSet.m in Sources */,
				0461E3421EB65106009C31E1 /* FMDatabaseAdditions.m in Sources */,
			);
			runOnlyForDeploymentPostprocessing = 0;
		};
/* End PBXSourcesBuildPhase section */

/* Begin PBXVariantGroup section */
		6061D8EE1E9D83870034E0CB /* Main.storyboard */ = {
			isa = PBXVariantGroup;
			children = (
				6061D8EF1E9D83870034E0CB /* Base */,
			);
			name = Main.storyboard;
			sourceTree = "<group>";
		};
		6061D8F31E9D83870034E0CB /* LaunchScreen.storyboard */ = {
			isa = PBXVariantGroup;
			children = (
				6061D8F41E9D83870034E0CB /* Base */,
			);
			name = LaunchScreen.storyboard;
			sourceTree = "<group>";
		};
/* End PBXVariantGroup section */

/* Begin XCBuildConfiguration section */
		6061D8F71E9D83870034E0CB /* Debug */ = {
			isa = XCBuildConfiguration;
			buildSettings = {
				ALWAYS_SEARCH_USER_PATHS = NO;
				CLANG_ANALYZER_NONNULL = YES;
				CLANG_CXX_LANGUAGE_STANDARD = "gnu++0x";
				CLANG_CXX_LIBRARY = "libc++";
				CLANG_ENABLE_MODULES = YES;
				CLANG_ENABLE_OBJC_ARC = YES;
				CLANG_WARN_BOOL_CONVERSION = YES;
				CLANG_WARN_CONSTANT_CONVERSION = YES;
				CLANG_WARN_DIRECT_OBJC_ISA_USAGE = YES_ERROR;
				CLANG_WARN_EMPTY_BODY = YES;
				CLANG_WARN_ENUM_CONVERSION = YES;
				CLANG_WARN_INFINITE_RECURSION = YES;
				CLANG_WARN_INT_CONVERSION = YES;
				CLANG_WARN_OBJC_ROOT_CLASS = YES_ERROR;
				CLANG_WARN_SUSPICIOUS_MOVE = YES;
				CLANG_WARN_UNREACHABLE_CODE = YES;
				CLANG_WARN__DUPLICATE_METHOD_MATCH = YES;
				"CODE_SIGN_IDENTITY[sdk=iphoneos*]" = "iPhone Developer";
				COPY_PHASE_STRIP = NO;
				DEBUG_INFORMATION_FORMAT = dwarf;
				DEVELOPMENT_TEAM = 6C8PUPR5FG;
				ENABLE_STRICT_OBJC_MSGSEND = YES;
				ENABLE_TESTABILITY = YES;
				GCC_C_LANGUAGE_STANDARD = gnu99;
				GCC_DYNAMIC_NO_PIC = NO;
				GCC_NO_COMMON_BLOCKS = YES;
				GCC_OPTIMIZATION_LEVEL = 0;
				GCC_PREPROCESSOR_DEFINITIONS = (
					"DEBUG=1",
					"$(inherited)",
				);
				GCC_WARN_64_TO_32_BIT_CONVERSION = YES;
				GCC_WARN_ABOUT_RETURN_TYPE = YES_ERROR;
				GCC_WARN_UNDECLARED_SELECTOR = YES;
				GCC_WARN_UNINITIALIZED_AUTOS = YES_AGGRESSIVE;
				GCC_WARN_UNUSED_FUNCTION = YES;
				GCC_WARN_UNUSED_VARIABLE = YES;
				IPHONEOS_DEPLOYMENT_TARGET = 9.3;
				MTL_ENABLE_DEBUG_INFO = YES;
				ONLY_ACTIVE_ARCH = YES;
				SDKROOT = iphoneos;
				SWIFT_OPTIMIZATION_LEVEL = "-Onone";
			};
			name = Debug;
		};
		6061D8F81E9D83870034E0CB /* Release */ = {
			isa = XCBuildConfiguration;
			buildSettings = {
				ALWAYS_SEARCH_USER_PATHS = NO;
				CLANG_ANALYZER_NONNULL = YES;
				CLANG_CXX_LANGUAGE_STANDARD = "gnu++0x";
				CLANG_CXX_LIBRARY = "libc++";
				CLANG_ENABLE_MODULES = YES;
				CLANG_ENABLE_OBJC_ARC = YES;
				CLANG_WARN_BOOL_CONVERSION = YES;
				CLANG_WARN_CONSTANT_CONVERSION = YES;
				CLANG_WARN_DIRECT_OBJC_ISA_USAGE = YES_ERROR;
				CLANG_WARN_EMPTY_BODY = YES;
				CLANG_WARN_ENUM_CONVERSION = YES;
				CLANG_WARN_INFINITE_RECURSION = YES;
				CLANG_WARN_INT_CONVERSION = YES;
				CLANG_WARN_OBJC_ROOT_CLASS = YES_ERROR;
				CLANG_WARN_SUSPICIOUS_MOVE = YES;
				CLANG_WARN_UNREACHABLE_CODE = YES;
				CLANG_WARN__DUPLICATE_METHOD_MATCH = YES;
				"CODE_SIGN_IDENTITY[sdk=iphoneos*]" = "iPhone Developer";
				COPY_PHASE_STRIP = NO;
				DEBUG_INFORMATION_FORMAT = "dwarf-with-dsym";
				DEVELOPMENT_TEAM = 6C8PUPR5FG;
				ENABLE_NS_ASSERTIONS = NO;
				ENABLE_STRICT_OBJC_MSGSEND = YES;
				GCC_C_LANGUAGE_STANDARD = gnu99;
				GCC_NO_COMMON_BLOCKS = YES;
				GCC_WARN_64_TO_32_BIT_CONVERSION = YES;
				GCC_WARN_ABOUT_RETURN_TYPE = YES_ERROR;
				GCC_WARN_UNDECLARED_SELECTOR = YES;
				GCC_WARN_UNINITIALIZED_AUTOS = YES_AGGRESSIVE;
				GCC_WARN_UNUSED_FUNCTION = YES;
				GCC_WARN_UNUSED_VARIABLE = YES;
				IPHONEOS_DEPLOYMENT_TARGET = 9.3;
				MTL_ENABLE_DEBUG_INFO = NO;
				SDKROOT = iphoneos;
				SWIFT_OPTIMIZATION_LEVEL = "-Owholemodule";
				VALIDATE_PRODUCT = YES;
			};
			name = Release;
		};
		6061D8FA1E9D83870034E0CB /* Debug */ = {
			isa = XCBuildConfiguration;
			buildSettings = {
				ASSETCATALOG_COMPILER_APPICON_NAME = AppIcon;
				CLANG_ENABLE_MODULES = YES;
				INFOPLIST_FILE = Chemistry/Info.plist;
				LD_RUNPATH_SEARCH_PATHS = "$(inherited) @executable_path/Frameworks";
				PRODUCT_BUNDLE_IDENTIFIER = game.Chemistry;
				PRODUCT_NAME = "$(TARGET_NAME)";
				SWIFT_OBJC_BRIDGING_HEADER = "Chemistry/Chemistry-Bridging-Header.h";
				SWIFT_OPTIMIZATION_LEVEL = "-Onone";
				SWIFT_VERSION = 3.0;
			};
			name = Debug;
		};
		6061D8FB1E9D83870034E0CB /* Release */ = {
			isa = XCBuildConfiguration;
			buildSettings = {
				ASSETCATALOG_COMPILER_APPICON_NAME = AppIcon;
				CLANG_ENABLE_MODULES = YES;
				INFOPLIST_FILE = Chemistry/Info.plist;
				LD_RUNPATH_SEARCH_PATHS = "$(inherited) @executable_path/Frameworks";
				PRODUCT_BUNDLE_IDENTIFIER = game.Chemistry;
				PRODUCT_NAME = "$(TARGET_NAME)";
				SWIFT_OBJC_BRIDGING_HEADER = "Chemistry/Chemistry-Bridging-Header.h";
				SWIFT_VERSION = 3.0;
			};
			name = Release;
		};
/* End XCBuildConfiguration section */

/* Begin XCConfigurationList section */
		6061D8E21E9D83870034E0CB /* Build configuration list for PBXProject "Chemistry" */ = {
			isa = XCConfigurationList;
			buildConfigurations = (
				6061D8F71E9D83870034E0CB /* Debug */,
				6061D8F81E9D83870034E0CB /* Release */,
			);
			defaultConfigurationIsVisible = 0;
			defaultConfigurationName = Release;
		};
		6061D8F91E9D83870034E0CB /* Build configuration list for PBXNativeTarget "Chemistry" */ = {
			isa = XCConfigurationList;
			buildConfigurations = (
				6061D8FA1E9D83870034E0CB /* Debug */,
				6061D8FB1E9D83870034E0CB /* Release */,
			);
			defaultConfigurationIsVisible = 0;
			defaultConfigurationName = Release;
		};
/* End XCConfigurationList section */
	};
	rootObject = 6061D8DF1E9D83870034E0CB /* Project object */;
}
