// !$*UTF8*$!
{
	archiveVersion = 1;
	classes = {
	};
	objectVersion = 46;
	objects = {

/* Begin PBXBuildFile section */
		045753251EBAF7A600CAC781 /* libsqlite3.0.tbd in Frameworks */ = {isa = PBXBuildFile; fileRef = 045753241EBAF7A600CAC781 /* libsqlite3.0.tbd */; };
		045753431EBAF8D200CAC781 /* FMDatabase.m in Sources */ = {isa = PBXBuildFile; fileRef = 045753391EBAF8D200CAC781 /* FMDatabase.m */; settings = {COMPILER_FLAGS = "-fno-objc-arc"; }; };
		045753441EBAF8D200CAC781 /* FMDatabaseAdditions.m in Sources */ = {isa = PBXBuildFile; fileRef = 0457533B1EBAF8D200CAC781 /* FMDatabaseAdditions.m */; settings = {COMPILER_FLAGS = "-fno-objc-arc"; }; };
		045753451EBAF8D200CAC781 /* FMDatabasePool.m in Sources */ = {isa = PBXBuildFile; fileRef = 0457533D1EBAF8D200CAC781 /* FMDatabasePool.m */; settings = {COMPILER_FLAGS = "-fno-objc-arc"; }; };
		045753461EBAF8D200CAC781 /* FMDatabaseQueue.m in Sources */ = {isa = PBXBuildFile; fileRef = 0457533F1EBAF8D200CAC781 /* FMDatabaseQueue.m */; settings = {COMPILER_FLAGS = "-fno-objc-arc"; }; };
		045753471EBAF8D200CAC781 /* FMResultSet.m in Sources */ = {isa = PBXBuildFile; fileRef = 045753421EBAF8D200CAC781 /* FMResultSet.m */; settings = {COMPILER_FLAGS = "-fno-objc-arc"; }; };
		2B2AB2FD1EBA523600DB06DD /* SetViewController.swift in Sources */ = {isa = PBXBuildFile; fileRef = 2B2AB2FC1EBA523600DB06DD /* SetViewController.swift */; };
		2B2AB3001EBA54B900DB06DD /* HomeViewController.swift in Sources */ = {isa = PBXBuildFile; fileRef = 2B2AB2FF1EBA54B900DB06DD /* HomeViewController.swift */; };
		2B2AB3021EBA54E100DB06DD /* CardViewController.swift in Sources */ = {isa = PBXBuildFile; fileRef = 2B2AB3011EBA54E100DB06DD /* CardViewController.swift */; };
		2B2AB3041EBA54F400DB06DD /* DrawViewController.swift in Sources */ = {isa = PBXBuildFile; fileRef = 2B2AB3031EBA54F400DB06DD /* DrawViewController.swift */; };
		2B2AB3061EBA551500DB06DD /* QuizViewController.swift in Sources */ = {isa = PBXBuildFile; fileRef = 2B2AB3051EBA551500DB06DD /* QuizViewController.swift */; };
		2B2AB30A1EBA574D00DB06DD /* Buttons.swift in Sources */ = {isa = PBXBuildFile; fileRef = 2B2AB3091EBA574D00DB06DD /* Buttons.swift */; };
		2B2AB30C1EBA57C700DB06DD /* Labels.swift in Sources */ = {isa = PBXBuildFile; fileRef = 2B2AB30B1EBA57C700DB06DD /* Labels.swift */; };
		2B2AB30E1EBA57F500DB06DD /* NavBar.swift in Sources */ = {isa = PBXBuildFile; fileRef = 2B2AB30D1EBA57F500DB06DD /* NavBar.swift */; };
		2BF6C7D01EBA7B1000270C8C /* ImageView.swift in Sources */ = {isa = PBXBuildFile; fileRef = 2BF6C7CF1EBA7B1000270C8C /* ImageView.swift */; };
		6061D8EB1E9D83870034E0CB /* AppDelegate.swift in Sources */ = {isa = PBXBuildFile; fileRef = 6061D8EA1E9D83870034E0CB /* AppDelegate.swift */; };
		6061D8ED1E9D83870034E0CB /* ViewController.swift in Sources */ = {isa = PBXBuildFile; fileRef = 6061D8EC1E9D83870034E0CB /* ViewController.swift */; };
		6061D8F01E9D83870034E0CB /* Main.storyboard in Resources */ = {isa = PBXBuildFile; fileRef = 6061D8EE1E9D83870034E0CB /* Main.storyboard */; };
		6061D8F21E9D83870034E0CB /* Assets.xcassets in Resources */ = {isa = PBXBuildFile; fileRef = 6061D8F11E9D83870034E0CB /* Assets.xcassets */; };
		6061D8F51E9D83870034E0CB /* LaunchScreen.storyboard in Resources */ = {isa = PBXBuildFile; fileRef = 6061D8F31E9D83870034E0CB /* LaunchScreen.storyboard */; };
		C8053D381EB0F431008A58E3 /* MyCollectionViewCell.swift in Sources */ = {isa = PBXBuildFile; fileRef = C8053D371EB0F431008A58E3 /* MyCollectionViewCell.swift */; };
		CDBEFDA51EA46CEB00697468 /* KDCircularProgress.swift in Sources */ = {isa = PBXBuildFile; fileRef = CDBEFDA41EA46CEB00697468 /* KDCircularProgress.swift */; };
		CDF1ED881EB937ED00FF9137 /* Ubuntu-Light.ttf in Resources */ = {isa = PBXBuildFile; fileRef = CDF1ED801EB937ED00FF9137 /* Ubuntu-Light.ttf */; };
		CDF1ED891EB937ED00FF9137 /* Ubuntu-LightItalic.ttf in Resources */ = {isa = PBXBuildFile; fileRef = CDF1ED811EB937ED00FF9137 /* Ubuntu-LightItalic.ttf */; };
		CDF1ED8A1EB937ED00FF9137 /* Ubuntu-Italic.ttf in Resources */ = {isa = PBXBuildFile; fileRef = CDF1ED821EB937ED00FF9137 /* Ubuntu-Italic.ttf */; };
		CDF1ED8B1EB937ED00FF9137 /* Ubuntu-MediumItalic.ttf in Resources */ = {isa = PBXBuildFile; fileRef = CDF1ED831EB937ED00FF9137 /* Ubuntu-MediumItalic.ttf */; };
		CDF1ED8C1EB937ED00FF9137 /* Ubuntu-BoldItalic.ttf in Resources */ = {isa = PBXBuildFile; fileRef = CDF1ED841EB937ED00FF9137 /* Ubuntu-BoldItalic.ttf */; };
		CDF1ED8D1EB937ED00FF9137 /* Ubuntu-Regular.ttf in Resources */ = {isa = PBXBuildFile; fileRef = CDF1ED851EB937ED00FF9137 /* Ubuntu-Regular.ttf */; };
		CDF1ED8E1EB937ED00FF9137 /* Ubuntu-Medium.ttf in Resources */ = {isa = PBXBuildFile; fileRef = CDF1ED861EB937ED00FF9137 /* Ubuntu-Medium.ttf */; };
		CDF1ED8F1EB937ED00FF9137 /* Ubuntu-Bold.ttf in Resources */ = {isa = PBXBuildFile; fileRef = CDF1ED871EB937ED00FF9137 /* Ubuntu-Bold.ttf */; };
/* End PBXBuildFile section */

/* Begin PBXFileReference section */
		045753241EBAF7A600CAC781 /* libsqlite3.0.tbd */ = {isa = PBXFileReference; lastKnownFileType = "sourcecode.text-based-dylib-definition"; name = libsqlite3.0.tbd; path = usr/lib/libsqlite3.0.tbd; sourceTree = SDKROOT; };
		045753381EBAF8D200CAC781 /* FMDatabase.h */ = {isa = PBXFileReference; fileEncoding = 4; lastKnownFileType = sourcecode.c.h; name = FMDatabase.h; path = FMDB/FMDatabase.h; sourceTree = "<group>"; };
		045753391EBAF8D200CAC781 /* FMDatabase.m */ = {isa = PBXFileReference; fileEncoding = 4; lastKnownFileType = sourcecode.c.objc; name = FMDatabase.m; path = FMDB/FMDatabase.m; sourceTree = "<group>"; };
		0457533A1EBAF8D200CAC781 /* FMDatabaseAdditions.h */ = {isa = PBXFileReference; fileEncoding = 4; lastKnownFileType = sourcecode.c.h; name = FMDatabaseAdditions.h; path = FMDB/FMDatabaseAdditions.h; sourceTree = "<group>"; };
		0457533B1EBAF8D200CAC781 /* FMDatabaseAdditions.m */ = {isa = PBXFileReference; fileEncoding = 4; lastKnownFileType = sourcecode.c.objc; name = FMDatabaseAdditions.m; path = FMDB/FMDatabaseAdditions.m; sourceTree = "<group>"; };
		0457533C1EBAF8D200CAC781 /* FMDatabasePool.h */ = {isa = PBXFileReference; fileEncoding = 4; lastKnownFileType = sourcecode.c.h; name = FMDatabasePool.h; path = FMDB/FMDatabasePool.h; sourceTree = "<group>"; };
		0457533D1EBAF8D200CAC781 /* FMDatabasePool.m */ = {isa = PBXFileReference; fileEncoding = 4; lastKnownFileType = sourcecode.c.objc; name = FMDatabasePool.m; path = FMDB/FMDatabasePool.m; sourceTree = "<group>"; };
		0457533E1EBAF8D200CAC781 /* FMDatabaseQueue.h */ = {isa = PBXFileReference; fileEncoding = 4; lastKnownFileType = sourcecode.c.h; name = FMDatabaseQueue.h; path = FMDB/FMDatabaseQueue.h; sourceTree = "<group>"; };
		0457533F1EBAF8D200CAC781 /* FMDatabaseQueue.m */ = {isa = PBXFileReference; fileEncoding = 4; lastKnownFileType = sourcecode.c.objc; name = FMDatabaseQueue.m; path = FMDB/FMDatabaseQueue.m; sourceTree = "<group>"; };
		045753401EBAF8D200CAC781 /* FMDB.h */ = {isa = PBXFileReference; fileEncoding = 4; lastKnownFileType = sourcecode.c.h; name = FMDB.h; path = FMDB/FMDB.h; sourceTree = "<group>"; };
		045753411EBAF8D200CAC781 /* FMResultSet.h */ = {isa = PBXFileReference; fileEncoding = 4; lastKnownFileType = sourcecode.c.h; name = FMResultSet.h; path = FMDB/FMResultSet.h; sourceTree = "<group>"; };
		045753421EBAF8D200CAC781 /* FMResultSet.m */ = {isa = PBXFileReference; fileEncoding = 4; lastKnownFileType = sourcecode.c.objc; name = FMResultSet.m; path = FMDB/FMResultSet.m; sourceTree = "<group>"; };
		045753481EBAF9A300CAC781 /* PocketChem-Bridging-Header.h */ = {isa = PBXFileReference; lastKnownFileType = sourcecode.c.h; path = "PocketChem-Bridging-Header.h"; sourceTree = "<group>"; };
		045753491EBAFA5500CAC781 /* mol.db */ = {isa = PBXFileReference; lastKnownFileType = file; name = mol.db; path = database/mol.db; sourceTree = "<group>"; };
		2B2AB2FC1EBA523600DB06DD /* SetViewController.swift */ = {isa = PBXFileReference; fileEncoding = 4; lastKnownFileType = sourcecode.swift; path = SetViewController.swift; sourceTree = "<group>"; };
		2B2AB2FF1EBA54B900DB06DD /* HomeViewController.swift */ = {isa = PBXFileReference; fileEncoding = 4; lastKnownFileType = sourcecode.swift; path = HomeViewController.swift; sourceTree = "<group>"; };
		2B2AB3011EBA54E100DB06DD /* CardViewController.swift */ = {isa = PBXFileReference; fileEncoding = 4; lastKnownFileType = sourcecode.swift; path = CardViewController.swift; sourceTree = "<group>"; };
		2B2AB3031EBA54F400DB06DD /* DrawViewController.swift */ = {isa = PBXFileReference; fileEncoding = 4; lastKnownFileType = sourcecode.swift; path = DrawViewController.swift; sourceTree = "<group>"; };
		2B2AB3051EBA551500DB06DD /* QuizViewController.swift */ = {isa = PBXFileReference; fileEncoding = 4; lastKnownFileType = sourcecode.swift; path = QuizViewController.swift; sourceTree = "<group>"; };
		2B2AB3091EBA574D00DB06DD /* Buttons.swift */ = {isa = PBXFileReference; fileEncoding = 4; lastKnownFileType = sourcecode.swift; path = Buttons.swift; sourceTree = "<group>"; };
		2B2AB30B1EBA57C700DB06DD /* Labels.swift */ = {isa = PBXFileReference; fileEncoding = 4; lastKnownFileType = sourcecode.swift; path = Labels.swift; sourceTree = "<group>"; };
		2B2AB30D1EBA57F500DB06DD /* NavBar.swift */ = {isa = PBXFileReference; fileEncoding = 4; lastKnownFileType = sourcecode.swift; path = NavBar.swift; sourceTree = "<group>"; };
		2BF6C7CF1EBA7B1000270C8C /* ImageView.swift */ = {isa = PBXFileReference; fileEncoding = 4; lastKnownFileType = sourcecode.swift; path = ImageView.swift; sourceTree = "<group>"; };
		6061D8E71E9D83870034E0CB /* PocketChem.app */ = {isa = PBXFileReference; explicitFileType = wrapper.application; includeInIndex = 0; path = PocketChem.app; sourceTree = BUILT_PRODUCTS_DIR; };
		6061D8EA1E9D83870034E0CB /* AppDelegate.swift */ = {isa = PBXFileReference; lastKnownFileType = sourcecode.swift; path = AppDelegate.swift; sourceTree = "<group>"; };
		6061D8EC1E9D83870034E0CB /* ViewController.swift */ = {isa = PBXFileReference; lastKnownFileType = sourcecode.swift; path = ViewController.swift; sourceTree = "<group>"; };
		6061D8EF1E9D83870034E0CB /* Base */ = {isa = PBXFileReference; lastKnownFileType = file.storyboard; name = Base; path = Base.lproj/Main.storyboard; sourceTree = "<group>"; };
		6061D8F11E9D83870034E0CB /* Assets.xcassets */ = {isa = PBXFileReference; lastKnownFileType = folder.assetcatalog; path = Assets.xcassets; sourceTree = "<group>"; };
		6061D8F41E9D83870034E0CB /* Base */ = {isa = PBXFileReference; lastKnownFileType = file.storyboard; name = Base; path = Base.lproj/LaunchScreen.storyboard; sourceTree = "<group>"; };
		6061D8F61E9D83870034E0CB /* Info.plist */ = {isa = PBXFileReference; lastKnownFileType = text.plist.xml; path = Info.plist; sourceTree = "<group>"; };
		C8053D371EB0F431008A58E3 /* MyCollectionViewCell.swift */ = {isa = PBXFileReference; fileEncoding = 4; lastKnownFileType = sourcecode.swift; path = MyCollectionViewCell.swift; sourceTree = "<group>"; };
		C839421E1EBA4D8500B48667 /* PocketChem.entitlements */ = {isa = PBXFileReference; lastKnownFileType = text.plist.entitlements; path = PocketChem.entitlements; sourceTree = "<group>"; };
		CDBEFDA41EA46CEB00697468 /* KDCircularProgress.swift */ = {isa = PBXFileReference; fileEncoding = 4; lastKnownFileType = sourcecode.swift; path = KDCircularProgress.swift; sourceTree = "<group>"; };
		CDF1ED801EB937ED00FF9137 /* Ubuntu-Light.ttf */ = {isa = PBXFileReference; lastKnownFileType = file; path = "Ubuntu-Light.ttf"; sourceTree = "<group>"; };
		CDF1ED811EB937ED00FF9137 /* Ubuntu-LightItalic.ttf */ = {isa = PBXFileReference; lastKnownFileType = file; path = "Ubuntu-LightItalic.ttf"; sourceTree = "<group>"; };
		CDF1ED821EB937ED00FF9137 /* Ubuntu-Italic.ttf */ = {isa = PBXFileReference; lastKnownFileType = file; path = "Ubuntu-Italic.ttf"; sourceTree = "<group>"; };
		CDF1ED831EB937ED00FF9137 /* Ubuntu-MediumItalic.ttf */ = {isa = PBXFileReference; lastKnownFileType = file; path = "Ubuntu-MediumItalic.ttf"; sourceTree = "<group>"; };
		CDF1ED841EB937ED00FF9137 /* Ubuntu-BoldItalic.ttf */ = {isa = PBXFileReference; lastKnownFileType = file; path = "Ubuntu-BoldItalic.ttf"; sourceTree = "<group>"; };
		CDF1ED851EB937ED00FF9137 /* Ubuntu-Regular.ttf */ = {isa = PBXFileReference; lastKnownFileType = file; path = "Ubuntu-Regular.ttf"; sourceTree = "<group>"; };
		CDF1ED861EB937ED00FF9137 /* Ubuntu-Medium.ttf */ = {isa = PBXFileReference; lastKnownFileType = file; path = "Ubuntu-Medium.ttf"; sourceTree = "<group>"; };
		CDF1ED871EB937ED00FF9137 /* Ubuntu-Bold.ttf */ = {isa = PBXFileReference; lastKnownFileType = file; path = "Ubuntu-Bold.ttf"; sourceTree = "<group>"; };
/* End PBXFileReference section */

/* Begin PBXFrameworksBuildPhase section */
		6061D8E41E9D83870034E0CB /* Frameworks */ = {
			isa = PBXFrameworksBuildPhase;
			buildActionMask = 2147483647;
			files = (
				045753251EBAF7A600CAC781 /* libsqlite3.0.tbd in Frameworks */,
			);
			runOnlyForDeploymentPostprocessing = 0;
		};
/* End PBXFrameworksBuildPhase section */

/* Begin PBXGroup section */
		045753221EBAF73B00CAC781 /* Database */ = {
			isa = PBXGroup;
			children = (
				045753261EBAF84100CAC781 /* FMDB */,
			);
			name = Database;
			sourceTree = "<group>";
		};
		045753231EBAF7A500CAC781 /* Frameworks */ = {
			isa = PBXGroup;
			children = (
				045753241EBAF7A600CAC781 /* libsqlite3.0.tbd */,
			);
			name = Frameworks;
			sourceTree = "<group>";
		};
		045753261EBAF84100CAC781 /* FMDB */ = {
			isa = PBXGroup;
			children = (
				045753381EBAF8D200CAC781 /* FMDatabase.h */,
				045753391EBAF8D200CAC781 /* FMDatabase.m */,
				0457533A1EBAF8D200CAC781 /* FMDatabaseAdditions.h */,
				0457533B1EBAF8D200CAC781 /* FMDatabaseAdditions.m */,
				0457533C1EBAF8D200CAC781 /* FMDatabasePool.h */,
				0457533D1EBAF8D200CAC781 /* FMDatabasePool.m */,
				0457533E1EBAF8D200CAC781 /* FMDatabaseQueue.h */,
				0457533F1EBAF8D200CAC781 /* FMDatabaseQueue.m */,
				045753401EBAF8D200CAC781 /* FMDB.h */,
				045753411EBAF8D200CAC781 /* FMResultSet.h */,
				045753421EBAF8D200CAC781 /* FMResultSet.m */,
				045753481EBAF9A300CAC781 /* PocketChem-Bridging-Header.h */,
				045753491EBAFA5500CAC781 /* mol.db */,
			);
			name = FMDB;
			sourceTree = "<group>";
		};
		2B2AB2FE1EBA548100DB06DD /* Views */ = {
			isa = PBXGroup;
			children = (
				6061D8EC1E9D83870034E0CB /* ViewController.swift */,
				2B2AB2FC1EBA523600DB06DD /* SetViewController.swift */,
				2B2AB2FF1EBA54B900DB06DD /* HomeViewController.swift */,
				2B2AB3011EBA54E100DB06DD /* CardViewController.swift */,
				2B2AB3031EBA54F400DB06DD /* DrawViewController.swift */,
				2B2AB3051EBA551500DB06DD /* QuizViewController.swift */,
			);
			name = Views;
			sourceTree = "<group>";
		};
		2B2AB3081EBA571300DB06DD /* UI */ = {
			isa = PBXGroup;
			children = (
				CDBEFDA41EA46CEB00697468 /* KDCircularProgress.swift */,
				2B2AB3091EBA574D00DB06DD /* Buttons.swift */,
				2B2AB30B1EBA57C700DB06DD /* Labels.swift */,
				2B2AB30D1EBA57F500DB06DD /* NavBar.swift */,
				2BF6C7CF1EBA7B1000270C8C /* ImageView.swift */,
			);
			name = UI;
			sourceTree = "<group>";
		};
		6061D8DE1E9D83870034E0CB = {
			isa = PBXGroup;
			children = (
				C839421E1EBA4D8500B48667 /* PocketChem.entitlements */,
				6061D8E91E9D83870034E0CB /* Chemistry */,
				6061D8E81E9D83870034E0CB /* Products */,
				045753231EBAF7A500CAC781 /* Frameworks */,
			);
			sourceTree = "<group>";
		};
		6061D8E81E9D83870034E0CB /* Products */ = {
			isa = PBXGroup;
			children = (
				6061D8E71E9D83870034E0CB /* PocketChem.app */,
			);
			name = Products;
			sourceTree = "<group>";
		};
		6061D8E91E9D83870034E0CB /* Chemistry */ = {
			isa = PBXGroup;
			children = (
				6061D8EA1E9D83870034E0CB /* AppDelegate.swift */,
				6061D8F11E9D83870034E0CB /* Assets.xcassets */,
				CDF1ED901EB937FA00FF9137 /* Fonts */,
				6061D8F61E9D83870034E0CB /* Info.plist */,
				C8053D371EB0F431008A58E3 /* MyCollectionViewCell.swift */,
				6061D8EE1E9D83870034E0CB /* Main.storyboard */,
				6061D8F31E9D83870034E0CB /* LaunchScreen.storyboard */,
				2B2AB3081EBA571300DB06DD /* UI */,
				2B2AB2FE1EBA548100DB06DD /* Views */,
				045753221EBAF73B00CAC781 /* Database */,
			);
			path = Chemistry;
			sourceTree = "<group>";
		};
		CDF1ED901EB937FA00FF9137 /* Fonts */ = {
			isa = PBXGroup;
			children = (
				CDF1ED801EB937ED00FF9137 /* Ubuntu-Light.ttf */,
				CDF1ED811EB937ED00FF9137 /* Ubuntu-LightItalic.ttf */,
				CDF1ED821EB937ED00FF9137 /* Ubuntu-Italic.ttf */,
				CDF1ED831EB937ED00FF9137 /* Ubuntu-MediumItalic.ttf */,
				CDF1ED841EB937ED00FF9137 /* Ubuntu-BoldItalic.ttf */,
				CDF1ED851EB937ED00FF9137 /* Ubuntu-Regular.ttf */,
				CDF1ED861EB937ED00FF9137 /* Ubuntu-Medium.ttf */,
				CDF1ED871EB937ED00FF9137 /* Ubuntu-Bold.ttf */,
			);
			name = Fonts;
			sourceTree = "<group>";
		};
/* End PBXGroup section */

/* Begin PBXNativeTarget section */
		6061D8E61E9D83870034E0CB /* PocketChem */ = {
			isa = PBXNativeTarget;
			buildConfigurationList = 6061D8F91E9D83870034E0CB /* Build configuration list for PBXNativeTarget "PocketChem" */;
			buildPhases = (
				6061D8E31E9D83870034E0CB /* Sources */,
				6061D8E41E9D83870034E0CB /* Frameworks */,
				6061D8E51E9D83870034E0CB /* Resources */,
			);
			buildRules = (
			);
			dependencies = (
			);
			name = PocketChem;
			productName = Chemistry;
			productReference = 6061D8E71E9D83870034E0CB /* PocketChem.app */;
			productType = "com.apple.product-type.application";
		};
/* End PBXNativeTarget section */

/* Begin PBXProject section */
		6061D8DF1E9D83870034E0CB /* Project object */ = {
			isa = PBXProject;
			attributes = {
				LastSwiftUpdateCheck = 0730;
				LastUpgradeCheck = 0820;
				ORGANIZATIONNAME = bleh;
				TargetAttributes = {
					6061D8E61E9D83870034E0CB = {
						CreatedOnToolsVersion = 7.3.1;
						DevelopmentTeam = D764TTT65D;
						LastSwiftMigration = 0830;
						SystemCapabilities = {
							com.apple.Keychain = {
								enabled = 1;
							};
						};
					};
				};
			};
			buildConfigurationList = 6061D8E21E9D83870034E0CB /* Build configuration list for PBXProject "PocketChem" */;
			compatibilityVersion = "Xcode 3.2";
			developmentRegion = English;
			hasScannedForEncodings = 0;
			knownRegions = (
				en,
				Base,
			);
			mainGroup = 6061D8DE1E9D83870034E0CB;
			productRefGroup = 6061D8E81E9D83870034E0CB /* Products */;
			projectDirPath = "";
			projectRoot = "";
			targets = (
				6061D8E61E9D83870034E0CB /* PocketChem */,
			);
		};
/* End PBXProject section */

/* Begin PBXResourcesBuildPhase section */
		6061D8E51E9D83870034E0CB /* Resources */ = {
			isa = PBXResourcesBuildPhase;
			buildActionMask = 2147483647;
			files = (
				CDF1ED8C1EB937ED00FF9137 /* Ubuntu-BoldItalic.ttf in Resources */,
				CDF1ED8B1EB937ED00FF9137 /* Ubuntu-MediumItalic.ttf in Resources */,
				CDF1ED891EB937ED00FF9137 /* Ubuntu-LightItalic.ttf in Resources */,
				CDF1ED8A1EB937ED00FF9137 /* Ubuntu-Italic.ttf in Resources */,
				CDF1ED881EB937ED00FF9137 /* Ubuntu-Light.ttf in Resources */,
				6061D8F51E9D83870034E0CB /* LaunchScreen.storyboard in Resources */,
				CDF1ED8F1EB937ED00FF9137 /* Ubuntu-Bold.ttf in Resources */,
				CDF1ED8E1EB937ED00FF9137 /* Ubuntu-Medium.ttf in Resources */,
				CDF1ED8D1EB937ED00FF9137 /* Ubuntu-Regular.ttf in Resources */,
				6061D8F21E9D83870034E0CB /* Assets.xcassets in Resources */,
				6061D8F01E9D83870034E0CB /* Main.storyboard in Resources */,
			);
			runOnlyForDeploymentPostprocessing = 0;
		};
/* End PBXResourcesBuildPhase section */

/* Begin PBXSourcesBuildPhase section */
		6061D8E31E9D83870034E0CB /* Sources */ = {
			isa = PBXSourcesBuildPhase;
			buildActionMask = 2147483647;
			files = (
				2B2AB3041EBA54F400DB06DD /* DrawViewController.swift in Sources */,
				CDBEFDA51EA46CEB00697468 /* KDCircularProgress.swift in Sources */,
				2B2AB3021EBA54E100DB06DD /* CardViewController.swift in Sources */,
				045753431EBAF8D200CAC781 /* FMDatabase.m in Sources */,
				2B2AB2FD1EBA523600DB06DD /* SetViewController.swift in Sources */,
				2BF6C7D01EBA7B1000270C8C /* ImageView.swift in Sources */,
				045753471EBAF8D200CAC781 /* FMResultSet.m in Sources */,
				6061D8ED1E9D83870034E0CB /* ViewController.swift in Sources */,
				2B2AB30E1EBA57F500DB06DD /* NavBar.swift in Sources */,
				2B2AB30A1EBA574D00DB06DD /* Buttons.swift in Sources */,
				C8053D381EB0F431008A58E3 /* MyCollectionViewCell.swift in Sources */,
				2B2AB3061EBA551500DB06DD /* QuizViewController.swift in Sources */,
				6061D8EB1E9D83870034E0CB /* AppDelegate.swift in Sources */,
				2B2AB3001EBA54B900DB06DD /* HomeViewController.swift in Sources */,
				045753451EBAF8D200CAC781 /* FMDatabasePool.m in Sources */,
				045753461EBAF8D200CAC781 /* FMDatabaseQueue.m in Sources */,
				2B2AB30C1EBA57C700DB06DD /* Labels.swift in Sources */,
				045753441EBAF8D200CAC781 /* FMDatabaseAdditions.m in Sources */,
			);
			runOnlyForDeploymentPostprocessing = 0;
		};
/* End PBXSourcesBuildPhase section */

/* Begin PBXVariantGroup section */
		6061D8EE1E9D83870034E0CB /* Main.storyboard */ = {
			isa = PBXVariantGroup;
			children = (
				6061D8EF1E9D83870034E0CB /* Base */,
			);
			name = Main.storyboard;
			sourceTree = "<group>";
		};
		6061D8F31E9D83870034E0CB /* LaunchScreen.storyboard */ = {
			isa = PBXVariantGroup;
			children = (
				6061D8F41E9D83870034E0CB /* Base */,
			);
			name = LaunchScreen.storyboard;
			sourceTree = "<group>";
		};
/* End PBXVariantGroup section */

/* Begin XCBuildConfiguration section */
		6061D8F71E9D83870034E0CB /* Debug */ = {
			isa = XCBuildConfiguration;
			buildSettings = {
				ALWAYS_SEARCH_USER_PATHS = NO;
				CLANG_ANALYZER_NONNULL = YES;
				CLANG_CXX_LANGUAGE_STANDARD = "gnu++0x";
				CLANG_CXX_LIBRARY = "libc++";
				CLANG_ENABLE_MODULES = YES;
				CLANG_ENABLE_OBJC_ARC = YES;
				CLANG_WARN_BOOL_CONVERSION = YES;
				CLANG_WARN_CONSTANT_CONVERSION = YES;
				CLANG_WARN_DIRECT_OBJC_ISA_USAGE = YES_ERROR;
				CLANG_WARN_EMPTY_BODY = YES;
				CLANG_WARN_ENUM_CONVERSION = YES;
				CLANG_WARN_INFINITE_RECURSION = YES;
				CLANG_WARN_INT_CONVERSION = YES;
				CLANG_WARN_OBJC_ROOT_CLASS = YES_ERROR;
				CLANG_WARN_SUSPICIOUS_MOVE = YES;
				CLANG_WARN_UNREACHABLE_CODE = YES;
				CLANG_WARN__DUPLICATE_METHOD_MATCH = YES;
				"CODE_SIGN_IDENTITY[sdk=iphoneos*]" = "iPhone Developer";
				COPY_PHASE_STRIP = NO;
				DEBUG_INFORMATION_FORMAT = dwarf;
				DEVELOPMENT_TEAM = 6C8PUPR5FG;
				ENABLE_STRICT_OBJC_MSGSEND = YES;
				ENABLE_TESTABILITY = YES;
				GCC_C_LANGUAGE_STANDARD = gnu99;
				GCC_DYNAMIC_NO_PIC = NO;
				GCC_NO_COMMON_BLOCKS = YES;
				GCC_OPTIMIZATION_LEVEL = 0;
				GCC_PREPROCESSOR_DEFINITIONS = (
					"DEBUG=1",
					"$(inherited)",
				);
				GCC_WARN_64_TO_32_BIT_CONVERSION = YES;
				GCC_WARN_ABOUT_RETURN_TYPE = YES_ERROR;
				GCC_WARN_UNDECLARED_SELECTOR = YES;
				GCC_WARN_UNINITIALIZED_AUTOS = YES_AGGRESSIVE;
				GCC_WARN_UNUSED_FUNCTION = YES;
				GCC_WARN_UNUSED_VARIABLE = YES;
				IPHONEOS_DEPLOYMENT_TARGET = 9.3;
				MTL_ENABLE_DEBUG_INFO = YES;
				ONLY_ACTIVE_ARCH = YES;
				SDKROOT = iphoneos;
				SWIFT_OPTIMIZATION_LEVEL = "-Onone";
			};
			name = Debug;
		};
		6061D8F81E9D83870034E0CB /* Release */ = {
			isa = XCBuildConfiguration;
			buildSettings = {
				ALWAYS_SEARCH_USER_PATHS = NO;
				CLANG_ANALYZER_NONNULL = YES;
				CLANG_CXX_LANGUAGE_STANDARD = "gnu++0x";
				CLANG_CXX_LIBRARY = "libc++";
				CLANG_ENABLE_MODULES = YES;
				CLANG_ENABLE_OBJC_ARC = YES;
				CLANG_WARN_BOOL_CONVERSION = YES;
				CLANG_WARN_CONSTANT_CONVERSION = YES;
				CLANG_WARN_DIRECT_OBJC_ISA_USAGE = YES_ERROR;
				CLANG_WARN_EMPTY_BODY = YES;
				CLANG_WARN_ENUM_CONVERSION = YES;
				CLANG_WARN_INFINITE_RECURSION = YES;
				CLANG_WARN_INT_CONVERSION = YES;
				CLANG_WARN_OBJC_ROOT_CLASS = YES_ERROR;
				CLANG_WARN_SUSPICIOUS_MOVE = YES;
				CLANG_WARN_UNREACHABLE_CODE = YES;
				CLANG_WARN__DUPLICATE_METHOD_MATCH = YES;
				"CODE_SIGN_IDENTITY[sdk=iphoneos*]" = "iPhone Developer";
				COPY_PHASE_STRIP = NO;
				DEBUG_INFORMATION_FORMAT = "dwarf-with-dsym";
				DEVELOPMENT_TEAM = 6C8PUPR5FG;
				ENABLE_NS_ASSERTIONS = NO;
				ENABLE_STRICT_OBJC_MSGSEND = YES;
				GCC_C_LANGUAGE_STANDARD = gnu99;
				GCC_NO_COMMON_BLOCKS = YES;
				GCC_WARN_64_TO_32_BIT_CONVERSION = YES;
				GCC_WARN_ABOUT_RETURN_TYPE = YES_ERROR;
				GCC_WARN_UNDECLARED_SELECTOR = YES;
				GCC_WARN_UNINITIALIZED_AUTOS = YES_AGGRESSIVE;
				GCC_WARN_UNUSED_FUNCTION = YES;
				GCC_WARN_UNUSED_VARIABLE = YES;
				IPHONEOS_DEPLOYMENT_TARGET = 9.3;
				MTL_ENABLE_DEBUG_INFO = NO;
				SDKROOT = iphoneos;
				SWIFT_OPTIMIZATION_LEVEL = "-Owholemodule";
				VALIDATE_PRODUCT = YES;
			};
			name = Release;
		};
		6061D8FA1E9D83870034E0CB /* Debug */ = {
			isa = XCBuildConfiguration;
			buildSettings = {
				ASSETCATALOG_COMPILER_APPICON_NAME = AppIcon;
				CLANG_ENABLE_MODULES = YES;
				CODE_SIGN_ENTITLEMENTS = PocketChem.entitlements;
				DEVELOPMENT_TEAM = D764TTT65D;
				INFOPLIST_FILE = Chemistry/Info.plist;
				LD_RUNPATH_SEARCH_PATHS = "$(inherited) @executable_path/Frameworks";
				PRODUCT_BUNDLE_IDENTIFIER = kkat.game.chemistry;
				PRODUCT_NAME = "$(TARGET_NAME)";
				SWIFT_OBJC_BRIDGING_HEADER = "Chemistry/PocketChem-Bridging-Header.h";
				SWIFT_OPTIMIZATION_LEVEL = "-Onone";
				SWIFT_VERSION = 3.0;
				TARGETED_DEVICE_FAMILY = 1;
			};
			name = Debug;
		};
		6061D8FB1E9D83870034E0CB /* Release */ = {
			isa = XCBuildConfiguration;
			buildSettings = {
				ASSETCATALOG_COMPILER_APPICON_NAME = AppIcon;
				CLANG_ENABLE_MODULES = YES;
				CODE_SIGN_ENTITLEMENTS = PocketChem.entitlements;
				DEVELOPMENT_TEAM = D764TTT65D;
				INFOPLIST_FILE = Chemistry/Info.plist;
				LD_RUNPATH_SEARCH_PATHS = "$(inherited) @executable_path/Frameworks";
				PRODUCT_BUNDLE_IDENTIFIER = kkat.game.chemistry;
				PRODUCT_NAME = "$(TARGET_NAME)";
				SWIFT_OBJC_BRIDGING_HEADER = "Chemistry/PocketChem-Bridging-Header.h";
				SWIFT_VERSION = 3.0;
				TARGETED_DEVICE_FAMILY = 1;
			};
			name = Release;
		};
/* End XCBuildConfiguration section */

/* Begin XCConfigurationList section */
		6061D8E21E9D83870034E0CB /* Build configuration list for PBXProject "PocketChem" */ = {
			isa = XCConfigurationList;
			buildConfigurations = (
				6061D8F71E9D83870034E0CB /* Debug */,
				6061D8F81E9D83870034E0CB /* Release */,
			);
			defaultConfigurationIsVisible = 0;
			defaultConfigurationName = Release;
		};
		6061D8F91E9D83870034E0CB /* Build configuration list for PBXNativeTarget "PocketChem" */ = {
			isa = XCConfigurationList;
			buildConfigurations = (
				6061D8FA1E9D83870034E0CB /* Debug */,
				6061D8FB1E9D83870034E0CB /* Release */,
			);
			defaultConfigurationIsVisible = 0;
			defaultConfigurationName = Release;
		};
/* End XCConfigurationList section */
	};
	rootObject = 6061D8DF1E9D83870034E0CB /* Project object */;
}
